// !$*UTF8*$!
{
	archiveVersion = 1;
	classes = {
	};
	objectVersion = 51;
	objects = {

/* Begin PBXBuildFile section */
		35F0ACC766319AFBC901B95A /* Pods_MyPlaceTests.framework in Frameworks */ = {isa = PBXBuildFile; fileRef = EF027AF48AB68D3A37B7D8BD /* Pods_MyPlaceTests.framework */; };
		5295D6BD25F973E200C47D2B /* MyPlaceApp.swift in Sources */ = {isa = PBXBuildFile; fileRef = 5295D6BC25F973E200C47D2B /* MyPlaceApp.swift */; };
		5295D6BF25F973E200C47D2B /* ContentView.swift in Sources */ = {isa = PBXBuildFile; fileRef = 5295D6BE25F973E200C47D2B /* ContentView.swift */; };
		5295D6C125F973E600C47D2B /* Assets.xcassets in Resources */ = {isa = PBXBuildFile; fileRef = 5295D6C025F973E600C47D2B /* Assets.xcassets */; };
		5295D6C425F973E600C47D2B /* Preview Assets.xcassets in Resources */ = {isa = PBXBuildFile; fileRef = 5295D6C325F973E600C47D2B /* Preview Assets.xcassets */; };
		5295D6CF25F973E600C47D2B /* MyPlaceTests.swift in Sources */ = {isa = PBXBuildFile; fileRef = 5295D6CE25F973E600C47D2B /* MyPlaceTests.swift */; };
		5295D6DA25F973E700C47D2B /* MyPlaceUITests.swift in Sources */ = {isa = PBXBuildFile; fileRef = 5295D6D925F973E700C47D2B /* MyPlaceUITests.swift */; };
		5295D70325F97FE400C47D2B /* RegisterView.swift in Sources */ = {isa = PBXBuildFile; fileRef = 5295D70225F97FE400C47D2B /* RegisterView.swift */; };
		5295D70825F98A9200C47D2B /* User.swift in Sources */ = {isa = PBXBuildFile; fileRef = 5295D70725F98A9200C47D2B /* User.swift */; };
		52EDC02C25FAC8E600B0F3F9 /* GoogleService-Info.plist in Resources */ = {isa = PBXBuildFile; fileRef = 52EDC02B25FAC8E600B0F3F9 /* GoogleService-Info.plist */; };
		52EDC03125FAC99900B0F3F9 /* LogInView.swift in Sources */ = {isa = PBXBuildFile; fileRef = 52EDC03025FAC99900B0F3F9 /* LogInView.swift */; };
		52EDC03A25FACE3600B0F3F9 /* Localizable.strings in Resources */ = {isa = PBXBuildFile; fileRef = 52EDC03C25FACE3600B0F3F9 /* Localizable.strings */; };
		538EF94168EA55D7CBE673EF /* Pods_MyPlace_MyPlaceUITests.framework in Frameworks */ = {isa = PBXBuildFile; fileRef = 6638A239191D647980810499 /* Pods_MyPlace_MyPlaceUITests.framework */; };
		99101BFF751E03D078024C2A /* Pods_MyPlace.framework in Frameworks */ = {isa = PBXBuildFile; fileRef = 3F9151435807468970BA59B7 /* Pods_MyPlace.framework */; };
/* End PBXBuildFile section */

/* Begin PBXContainerItemProxy section */
		5295D6CB25F973E600C47D2B /* PBXContainerItemProxy */ = {
			isa = PBXContainerItemProxy;
			containerPortal = 5295D6B125F973E200C47D2B /* Project object */;
			proxyType = 1;
			remoteGlobalIDString = 5295D6B825F973E200C47D2B;
			remoteInfo = MyPlace;
		};
		5295D6D625F973E700C47D2B /* PBXContainerItemProxy */ = {
			isa = PBXContainerItemProxy;
			containerPortal = 5295D6B125F973E200C47D2B /* Project object */;
			proxyType = 1;
			remoteGlobalIDString = 5295D6B825F973E200C47D2B;
			remoteInfo = MyPlace;
		};
/* End PBXContainerItemProxy section */

/* Begin PBXFileReference section */
		2AC5EFBDF9079C98064E973A /* Pods-MyPlace-MyPlaceUITests.release.xcconfig */ = {isa = PBXFileReference; includeInIndex = 1; lastKnownFileType = text.xcconfig; name = "Pods-MyPlace-MyPlaceUITests.release.xcconfig"; path = "Target Support Files/Pods-MyPlace-MyPlaceUITests/Pods-MyPlace-MyPlaceUITests.release.xcconfig"; sourceTree = "<group>"; };
		3F9151435807468970BA59B7 /* Pods_MyPlace.framework */ = {isa = PBXFileReference; explicitFileType = wrapper.framework; includeInIndex = 0; path = Pods_MyPlace.framework; sourceTree = BUILT_PRODUCTS_DIR; };
		5295D6B925F973E200C47D2B /* MyPlace.app */ = {isa = PBXFileReference; explicitFileType = wrapper.application; includeInIndex = 0; path = MyPlace.app; sourceTree = BUILT_PRODUCTS_DIR; };
		5295D6BC25F973E200C47D2B /* MyPlaceApp.swift */ = {isa = PBXFileReference; lastKnownFileType = sourcecode.swift; path = MyPlaceApp.swift; sourceTree = "<group>"; };
		5295D6BE25F973E200C47D2B /* ContentView.swift */ = {isa = PBXFileReference; lastKnownFileType = sourcecode.swift; path = ContentView.swift; sourceTree = "<group>"; };
		5295D6C025F973E600C47D2B /* Assets.xcassets */ = {isa = PBXFileReference; lastKnownFileType = folder.assetcatalog; path = Assets.xcassets; sourceTree = "<group>"; };
		5295D6C325F973E600C47D2B /* Preview Assets.xcassets */ = {isa = PBXFileReference; lastKnownFileType = folder.assetcatalog; path = "Preview Assets.xcassets"; sourceTree = "<group>"; };
		5295D6C525F973E600C47D2B /* Info.plist */ = {isa = PBXFileReference; lastKnownFileType = text.plist.xml; path = Info.plist; sourceTree = "<group>"; };
		5295D6CA25F973E600C47D2B /* MyPlaceTests.xctest */ = {isa = PBXFileReference; explicitFileType = wrapper.cfbundle; includeInIndex = 0; path = MyPlaceTests.xctest; sourceTree = BUILT_PRODUCTS_DIR; };
		5295D6CE25F973E600C47D2B /* MyPlaceTests.swift */ = {isa = PBXFileReference; lastKnownFileType = sourcecode.swift; path = MyPlaceTests.swift; sourceTree = "<group>"; };
		5295D6D025F973E700C47D2B /* Info.plist */ = {isa = PBXFileReference; lastKnownFileType = text.plist.xml; path = Info.plist; sourceTree = "<group>"; };
		5295D6D525F973E700C47D2B /* MyPlaceUITests.xctest */ = {isa = PBXFileReference; explicitFileType = wrapper.cfbundle; includeInIndex = 0; path = MyPlaceUITests.xctest; sourceTree = BUILT_PRODUCTS_DIR; };
		5295D6D925F973E700C47D2B /* MyPlaceUITests.swift */ = {isa = PBXFileReference; lastKnownFileType = sourcecode.swift; path = MyPlaceUITests.swift; sourceTree = "<group>"; };
		5295D6DB25F973E700C47D2B /* Info.plist */ = {isa = PBXFileReference; lastKnownFileType = text.plist.xml; path = Info.plist; sourceTree = "<group>"; };
		5295D70225F97FE400C47D2B /* RegisterView.swift */ = {isa = PBXFileReference; lastKnownFileType = sourcecode.swift; path = RegisterView.swift; sourceTree = "<group>"; };
		5295D70725F98A9200C47D2B /* User.swift */ = {isa = PBXFileReference; lastKnownFileType = sourcecode.swift; path = User.swift; sourceTree = "<group>"; };
		52EDC02B25FAC8E600B0F3F9 /* GoogleService-Info.plist */ = {isa = PBXFileReference; fileEncoding = 4; lastKnownFileType = text.plist.xml; path = "GoogleService-Info.plist"; sourceTree = "<group>"; };
		52EDC03025FAC99900B0F3F9 /* LogInView.swift */ = {isa = PBXFileReference; lastKnownFileType = sourcecode.swift; path = LogInView.swift; sourceTree = "<group>"; };
		52EDC03B25FACE3600B0F3F9 /* en */ = {isa = PBXFileReference; lastKnownFileType = text.plist.strings; name = en; path = en.lproj/Localizable.strings; sourceTree = "<group>"; };
		52EDC04025FACE3E00B0F3F9 /* sv */ = {isa = PBXFileReference; lastKnownFileType = text.plist.strings; name = sv; path = sv.lproj/Localizable.strings; sourceTree = "<group>"; };
		5A0DF2BD1DBC5C7F283B33A0 /* Pods-MyPlaceTests.debug.xcconfig */ = {isa = PBXFileReference; includeInIndex = 1; lastKnownFileType = text.xcconfig; name = "Pods-MyPlaceTests.debug.xcconfig"; path = "Target Support Files/Pods-MyPlaceTests/Pods-MyPlaceTests.debug.xcconfig"; sourceTree = "<group>"; };
		6638A239191D647980810499 /* Pods_MyPlace_MyPlaceUITests.framework */ = {isa = PBXFileReference; explicitFileType = wrapper.framework; includeInIndex = 0; path = Pods_MyPlace_MyPlaceUITests.framework; sourceTree = BUILT_PRODUCTS_DIR; };
		842B1B8B213968031EA6399A /* Pods-MyPlace.release.xcconfig */ = {isa = PBXFileReference; includeInIndex = 1; lastKnownFileType = text.xcconfig; name = "Pods-MyPlace.release.xcconfig"; path = "Target Support Files/Pods-MyPlace/Pods-MyPlace.release.xcconfig"; sourceTree = "<group>"; };
		AD34C117D6F1AC46A0A52463 /* Pods-MyPlace.debug.xcconfig */ = {isa = PBXFileReference; includeInIndex = 1; lastKnownFileType = text.xcconfig; name = "Pods-MyPlace.debug.xcconfig"; path = "Target Support Files/Pods-MyPlace/Pods-MyPlace.debug.xcconfig"; sourceTree = "<group>"; };
		D08E374B1F95C2D44CAF29DF /* Pods-MyPlace-MyPlaceUITests.debug.xcconfig */ = {isa = PBXFileReference; includeInIndex = 1; lastKnownFileType = text.xcconfig; name = "Pods-MyPlace-MyPlaceUITests.debug.xcconfig"; path = "Target Support Files/Pods-MyPlace-MyPlaceUITests/Pods-MyPlace-MyPlaceUITests.debug.xcconfig"; sourceTree = "<group>"; };
		E45482828D86FDFDE080AF11 /* Pods-MyPlaceTests.release.xcconfig */ = {isa = PBXFileReference; includeInIndex = 1; lastKnownFileType = text.xcconfig; name = "Pods-MyPlaceTests.release.xcconfig"; path = "Target Support Files/Pods-MyPlaceTests/Pods-MyPlaceTests.release.xcconfig"; sourceTree = "<group>"; };
		EF027AF48AB68D3A37B7D8BD /* Pods_MyPlaceTests.framework */ = {isa = PBXFileReference; explicitFileType = wrapper.framework; includeInIndex = 0; path = Pods_MyPlaceTests.framework; sourceTree = BUILT_PRODUCTS_DIR; };
/* End PBXFileReference section */

/* Begin PBXFrameworksBuildPhase section */
		5295D6B625F973E200C47D2B /* Frameworks */ = {
			isa = PBXFrameworksBuildPhase;
			buildActionMask = 2147483647;
			files = (
				99101BFF751E03D078024C2A /* Pods_MyPlace.framework in Frameworks */,
			);
			runOnlyForDeploymentPostprocessing = 0;
		};
		5295D6C725F973E600C47D2B /* Frameworks */ = {
			isa = PBXFrameworksBuildPhase;
			buildActionMask = 2147483647;
			files = (
				35F0ACC766319AFBC901B95A /* Pods_MyPlaceTests.framework in Frameworks */,
			);
			runOnlyForDeploymentPostprocessing = 0;
		};
		5295D6D225F973E700C47D2B /* Frameworks */ = {
			isa = PBXFrameworksBuildPhase;
			buildActionMask = 2147483647;
			files = (
				538EF94168EA55D7CBE673EF /* Pods_MyPlace_MyPlaceUITests.framework in Frameworks */,
			);
			runOnlyForDeploymentPostprocessing = 0;
		};
/* End PBXFrameworksBuildPhase section */

/* Begin PBXGroup section */
		5295D6B025F973E200C47D2B = {
			isa = PBXGroup;
			children = (
				5295D6BB25F973E200C47D2B /* MyPlace */,
				5295D6CD25F973E600C47D2B /* MyPlaceTests */,
				5295D6D825F973E700C47D2B /* MyPlaceUITests */,
				5295D6BA25F973E200C47D2B /* Products */,
				7598185B70108449337BE47C /* Pods */,
				D470C04C91CCA9D6F4F440F9 /* Frameworks */,
			);
			sourceTree = "<group>";
		};
		5295D6BA25F973E200C47D2B /* Products */ = {
			isa = PBXGroup;
			children = (
				5295D6B925F973E200C47D2B /* MyPlace.app */,
				5295D6CA25F973E600C47D2B /* MyPlaceTests.xctest */,
				5295D6D525F973E700C47D2B /* MyPlaceUITests.xctest */,
			);
			name = Products;
			sourceTree = "<group>";
		};
		5295D6BB25F973E200C47D2B /* MyPlace */ = {
			isa = PBXGroup;
			children = (
				5295D6BC25F973E200C47D2B /* MyPlaceApp.swift */,
				5295D6BE25F973E200C47D2B /* ContentView.swift */,
				52EDC03025FAC99900B0F3F9 /* LogInView.swift */,
				5295D70225F97FE400C47D2B /* RegisterView.swift */,
				5295D70725F98A9200C47D2B /* User.swift */,
				52EDC03C25FACE3600B0F3F9 /* Localizable.strings */,
				5295D6C025F973E600C47D2B /* Assets.xcassets */,
				5295D6C525F973E600C47D2B /* Info.plist */,
				52EDC02B25FAC8E600B0F3F9 /* GoogleService-Info.plist */,
				5295D6C225F973E600C47D2B /* Preview Content */,
			);
			path = MyPlace;
			sourceTree = "<group>";
		};
		5295D6C225F973E600C47D2B /* Preview Content */ = {
			isa = PBXGroup;
			children = (
				5295D6C325F973E600C47D2B /* Preview Assets.xcassets */,
			);
			path = "Preview Content";
			sourceTree = "<group>";
		};
		5295D6CD25F973E600C47D2B /* MyPlaceTests */ = {
			isa = PBXGroup;
			children = (
				5295D6CE25F973E600C47D2B /* MyPlaceTests.swift */,
				5295D6D025F973E700C47D2B /* Info.plist */,
			);
			path = MyPlaceTests;
			sourceTree = "<group>";
		};
		5295D6D825F973E700C47D2B /* MyPlaceUITests */ = {
			isa = PBXGroup;
			children = (
				5295D6D925F973E700C47D2B /* MyPlaceUITests.swift */,
				5295D6DB25F973E700C47D2B /* Info.plist */,
			);
			path = MyPlaceUITests;
			sourceTree = "<group>";
		};
		7598185B70108449337BE47C /* Pods */ = {
			isa = PBXGroup;
			children = (
				AD34C117D6F1AC46A0A52463 /* Pods-MyPlace.debug.xcconfig */,
				842B1B8B213968031EA6399A /* Pods-MyPlace.release.xcconfig */,
				D08E374B1F95C2D44CAF29DF /* Pods-MyPlace-MyPlaceUITests.debug.xcconfig */,
				2AC5EFBDF9079C98064E973A /* Pods-MyPlace-MyPlaceUITests.release.xcconfig */,
				5A0DF2BD1DBC5C7F283B33A0 /* Pods-MyPlaceTests.debug.xcconfig */,
				E45482828D86FDFDE080AF11 /* Pods-MyPlaceTests.release.xcconfig */,
			);
			path = Pods;
			sourceTree = "<group>";
		};
		D470C04C91CCA9D6F4F440F9 /* Frameworks */ = {
			isa = PBXGroup;
			children = (
				3F9151435807468970BA59B7 /* Pods_MyPlace.framework */,
				6638A239191D647980810499 /* Pods_MyPlace_MyPlaceUITests.framework */,
				EF027AF48AB68D3A37B7D8BD /* Pods_MyPlaceTests.framework */,
			);
			name = Frameworks;
			sourceTree = "<group>";
		};
/* End PBXGroup section */

/* Begin PBXNativeTarget section */
		5295D6B825F973E200C47D2B /* MyPlace */ = {
			isa = PBXNativeTarget;
			buildConfigurationList = 5295D6DE25F973E700C47D2B /* Build configuration list for PBXNativeTarget "MyPlace" */;
			buildPhases = (
				83046C66C07F58F5FC9B603E /* [CP] Check Pods Manifest.lock */,
				5295D6B525F973E200C47D2B /* Sources */,
				5295D6B625F973E200C47D2B /* Frameworks */,
				5295D6B725F973E200C47D2B /* Resources */,
				D9522579BEFB84D767978763 /* [CP] Embed Pods Frameworks */,
			);
			buildRules = (
			);
			dependencies = (
			);
			name = MyPlace;
			productName = MyPlace;
			productReference = 5295D6B925F973E200C47D2B /* MyPlace.app */;
			productType = "com.apple.product-type.application";
		};
		5295D6C925F973E600C47D2B /* MyPlaceTests */ = {
			isa = PBXNativeTarget;
			buildConfigurationList = 5295D6E125F973E700C47D2B /* Build configuration list for PBXNativeTarget "MyPlaceTests" */;
			buildPhases = (
				BD246258B78B2B7A8FC7F153 /* [CP] Check Pods Manifest.lock */,
				5295D6C625F973E600C47D2B /* Sources */,
				5295D6C725F973E600C47D2B /* Frameworks */,
				5295D6C825F973E600C47D2B /* Resources */,
			);
			buildRules = (
			);
			dependencies = (
				5295D6CC25F973E600C47D2B /* PBXTargetDependency */,
			);
			name = MyPlaceTests;
			productName = MyPlaceTests;
			productReference = 5295D6CA25F973E600C47D2B /* MyPlaceTests.xctest */;
			productType = "com.apple.product-type.bundle.unit-test";
		};
		5295D6D425F973E700C47D2B /* MyPlaceUITests */ = {
			isa = PBXNativeTarget;
			buildConfigurationList = 5295D6E425F973E700C47D2B /* Build configuration list for PBXNativeTarget "MyPlaceUITests" */;
			buildPhases = (
				D9EDC9C3EB703E68C50809F9 /* [CP] Check Pods Manifest.lock */,
				5295D6D125F973E700C47D2B /* Sources */,
				5295D6D225F973E700C47D2B /* Frameworks */,
				5295D6D325F973E700C47D2B /* Resources */,
				FE24769D182EB89A2A183667 /* [CP] Embed Pods Frameworks */,
			);
			buildRules = (
			);
			dependencies = (
				5295D6D725F973E700C47D2B /* PBXTargetDependency */,
			);
			name = MyPlaceUITests;
			productName = MyPlaceUITests;
			productReference = 5295D6D525F973E700C47D2B /* MyPlaceUITests.xctest */;
			productType = "com.apple.product-type.bundle.ui-testing";
		};
/* End PBXNativeTarget section */

/* Begin PBXProject section */
		5295D6B125F973E200C47D2B /* Project object */ = {
			isa = PBXProject;
			attributes = {
				LastSwiftUpdateCheck = 1240;
				LastUpgradeCheck = 1240;
				TargetAttributes = {
					5295D6B825F973E200C47D2B = {
						CreatedOnToolsVersion = 12.4;
					};
					5295D6C925F973E600C47D2B = {
						CreatedOnToolsVersion = 12.4;
						TestTargetID = 5295D6B825F973E200C47D2B;
					};
					5295D6D425F973E700C47D2B = {
						CreatedOnToolsVersion = 12.4;
						TestTargetID = 5295D6B825F973E200C47D2B;
					};
				};
			};
			buildConfigurationList = 5295D6B425F973E200C47D2B /* Build configuration list for PBXProject "MyPlace" */;
			compatibilityVersion = "Xcode 9.3";
			developmentRegion = en;
			hasScannedForEncodings = 0;
			knownRegions = (
				en,
				Base,
				sv,
			);
			mainGroup = 5295D6B025F973E200C47D2B;
			productRefGroup = 5295D6BA25F973E200C47D2B /* Products */;
			projectDirPath = "";
			projectRoot = "";
			targets = (
				5295D6B825F973E200C47D2B /* MyPlace */,
				5295D6C925F973E600C47D2B /* MyPlaceTests */,
				5295D6D425F973E700C47D2B /* MyPlaceUITests */,
			);
		};
/* End PBXProject section */

/* Begin PBXResourcesBuildPhase section */
		5295D6B725F973E200C47D2B /* Resources */ = {
			isa = PBXResourcesBuildPhase;
			buildActionMask = 2147483647;
			files = (
				5295D6C425F973E600C47D2B /* Preview Assets.xcassets in Resources */,
				52EDC03A25FACE3600B0F3F9 /* Localizable.strings in Resources */,
				5295D6C125F973E600C47D2B /* Assets.xcassets in Resources */,
				52EDC02C25FAC8E600B0F3F9 /* GoogleService-Info.plist in Resources */,
			);
			runOnlyForDeploymentPostprocessing = 0;
		};
		5295D6C825F973E600C47D2B /* Resources */ = {
			isa = PBXResourcesBuildPhase;
			buildActionMask = 2147483647;
			files = (
			);
			runOnlyForDeploymentPostprocessing = 0;
		};
		5295D6D325F973E700C47D2B /* Resources */ = {
			isa = PBXResourcesBuildPhase;
			buildActionMask = 2147483647;
			files = (
			);
			runOnlyForDeploymentPostprocessing = 0;
		};
/* End PBXResourcesBuildPhase section */

/* Begin PBXShellScriptBuildPhase section */
		83046C66C07F58F5FC9B603E /* [CP] Check Pods Manifest.lock */ = {
			isa = PBXShellScriptBuildPhase;
			buildActionMask = 2147483647;
			files = (
			);
			inputFileListPaths = (
			);
			inputPaths = (
				"${PODS_PODFILE_DIR_PATH}/Podfile.lock",
				"${PODS_ROOT}/Manifest.lock",
			);
			name = "[CP] Check Pods Manifest.lock";
			outputFileListPaths = (
			);
			outputPaths = (
				"$(DERIVED_FILE_DIR)/Pods-MyPlace-checkManifestLockResult.txt",
			);
			runOnlyForDeploymentPostprocessing = 0;
			shellPath = /bin/sh;
			shellScript = "diff \"${PODS_PODFILE_DIR_PATH}/Podfile.lock\" \"${PODS_ROOT}/Manifest.lock\" > /dev/null\nif [ $? != 0 ] ; then\n    # print error to STDERR\n    echo \"error: The sandbox is not in sync with the Podfile.lock. Run 'pod install' or update your CocoaPods installation.\" >&2\n    exit 1\nfi\n# This output is used by Xcode 'outputs' to avoid re-running this script phase.\necho \"SUCCESS\" > \"${SCRIPT_OUTPUT_FILE_0}\"\n";
			showEnvVarsInLog = 0;
		};
		BD246258B78B2B7A8FC7F153 /* [CP] Check Pods Manifest.lock */ = {
			isa = PBXShellScriptBuildPhase;
			buildActionMask = 2147483647;
			files = (
			);
			inputFileListPaths = (
			);
			inputPaths = (
				"${PODS_PODFILE_DIR_PATH}/Podfile.lock",
				"${PODS_ROOT}/Manifest.lock",
			);
			name = "[CP] Check Pods Manifest.lock";
			outputFileListPaths = (
			);
			outputPaths = (
				"$(DERIVED_FILE_DIR)/Pods-MyPlaceTests-checkManifestLockResult.txt",
			);
			runOnlyForDeploymentPostprocessing = 0;
			shellPath = /bin/sh;
			shellScript = "diff \"${PODS_PODFILE_DIR_PATH}/Podfile.lock\" \"${PODS_ROOT}/Manifest.lock\" > /dev/null\nif [ $? != 0 ] ; then\n    # print error to STDERR\n    echo \"error: The sandbox is not in sync with the Podfile.lock. Run 'pod install' or update your CocoaPods installation.\" >&2\n    exit 1\nfi\n# This output is used by Xcode 'outputs' to avoid re-running this script phase.\necho \"SUCCESS\" > \"${SCRIPT_OUTPUT_FILE_0}\"\n";
			showEnvVarsInLog = 0;
		};
		D9522579BEFB84D767978763 /* [CP] Embed Pods Frameworks */ = {
			isa = PBXShellScriptBuildPhase;
			buildActionMask = 2147483647;
			files = (
			);
			inputFileListPaths = (
				"${PODS_ROOT}/Target Support Files/Pods-MyPlace/Pods-MyPlace-frameworks-${CONFIGURATION}-input-files.xcfilelist",
			);
			name = "[CP] Embed Pods Frameworks";
			outputFileListPaths = (
				"${PODS_ROOT}/Target Support Files/Pods-MyPlace/Pods-MyPlace-frameworks-${CONFIGURATION}-output-files.xcfilelist",
			);
			runOnlyForDeploymentPostprocessing = 0;
			shellPath = /bin/sh;
			shellScript = "\"${PODS_ROOT}/Target Support Files/Pods-MyPlace/Pods-MyPlace-frameworks.sh\"\n";
			showEnvVarsInLog = 0;
		};
		D9EDC9C3EB703E68C50809F9 /* [CP] Check Pods Manifest.lock */ = {
			isa = PBXShellScriptBuildPhase;
			buildActionMask = 2147483647;
			files = (
			);
			inputFileListPaths = (
			);
			inputPaths = (
				"${PODS_PODFILE_DIR_PATH}/Podfile.lock",
				"${PODS_ROOT}/Manifest.lock",
			);
			name = "[CP] Check Pods Manifest.lock";
			outputFileListPaths = (
			);
			outputPaths = (
				"$(DERIVED_FILE_DIR)/Pods-MyPlace-MyPlaceUITests-checkManifestLockResult.txt",
			);
			runOnlyForDeploymentPostprocessing = 0;
			shellPath = /bin/sh;
			shellScript = "diff \"${PODS_PODFILE_DIR_PATH}/Podfile.lock\" \"${PODS_ROOT}/Manifest.lock\" > /dev/null\nif [ $? != 0 ] ; then\n    # print error to STDERR\n    echo \"error: The sandbox is not in sync with the Podfile.lock. Run 'pod install' or update your CocoaPods installation.\" >&2\n    exit 1\nfi\n# This output is used by Xcode 'outputs' to avoid re-running this script phase.\necho \"SUCCESS\" > \"${SCRIPT_OUTPUT_FILE_0}\"\n";
			showEnvVarsInLog = 0;
		};
		FE24769D182EB89A2A183667 /* [CP] Embed Pods Frameworks */ = {
			isa = PBXShellScriptBuildPhase;
			buildActionMask = 2147483647;
			files = (
			);
			inputFileListPaths = (
				"${PODS_ROOT}/Target Support Files/Pods-MyPlace-MyPlaceUITests/Pods-MyPlace-MyPlaceUITests-frameworks-${CONFIGURATION}-input-files.xcfilelist",
			);
			name = "[CP] Embed Pods Frameworks";
			outputFileListPaths = (
				"${PODS_ROOT}/Target Support Files/Pods-MyPlace-MyPlaceUITests/Pods-MyPlace-MyPlaceUITests-frameworks-${CONFIGURATION}-output-files.xcfilelist",
			);
			runOnlyForDeploymentPostprocessing = 0;
			shellPath = /bin/sh;
			shellScript = "\"${PODS_ROOT}/Target Support Files/Pods-MyPlace-MyPlaceUITests/Pods-MyPlace-MyPlaceUITests-frameworks.sh\"\n";
			showEnvVarsInLog = 0;
		};
/* End PBXShellScriptBuildPhase section */

/* Begin PBXSourcesBuildPhase section */
		5295D6B525F973E200C47D2B /* Sources */ = {
			isa = PBXSourcesBuildPhase;
			buildActionMask = 2147483647;
			files = (
				52EDC03125FAC99900B0F3F9 /* LogInView.swift in Sources */,
				5295D70825F98A9200C47D2B /* User.swift in Sources */,
				5295D70325F97FE400C47D2B /* RegisterView.swift in Sources */,
				5295D6BF25F973E200C47D2B /* ContentView.swift in Sources */,
				5295D6BD25F973E200C47D2B /* MyPlaceApp.swift in Sources */,
			);
			runOnlyForDeploymentPostprocessing = 0;
		};
		5295D6C625F973E600C47D2B /* Sources */ = {
			isa = PBXSourcesBuildPhase;
			buildActionMask = 2147483647;
			files = (
				5295D6CF25F973E600C47D2B /* MyPlaceTests.swift in Sources */,
			);
			runOnlyForDeploymentPostprocessing = 0;
		};
		5295D6D125F973E700C47D2B /* Sources */ = {
			isa = PBXSourcesBuildPhase;
			buildActionMask = 2147483647;
			files = (
				5295D6DA25F973E700C47D2B /* MyPlaceUITests.swift in Sources */,
			);
			runOnlyForDeploymentPostprocessing = 0;
		};
/* End PBXSourcesBuildPhase section */

/* Begin PBXTargetDependency section */
		5295D6CC25F973E600C47D2B /* PBXTargetDependency */ = {
			isa = PBXTargetDependency;
			target = 5295D6B825F973E200C47D2B /* MyPlace */;
			targetProxy = 5295D6CB25F973E600C47D2B /* PBXContainerItemProxy */;
		};
		5295D6D725F973E700C47D2B /* PBXTargetDependency */ = {
			isa = PBXTargetDependency;
			target = 5295D6B825F973E200C47D2B /* MyPlace */;
			targetProxy = 5295D6D625F973E700C47D2B /* PBXContainerItemProxy */;
		};
/* End PBXTargetDependency section */

/* Begin PBXVariantGroup section */
		52EDC03C25FACE3600B0F3F9 /* Localizable.strings */ = {
			isa = PBXVariantGroup;
			children = (
				52EDC03B25FACE3600B0F3F9 /* en */,
				52EDC04025FACE3E00B0F3F9 /* sv */,
			);
			name = Localizable.strings;
			sourceTree = "<group>";
		};
/* End PBXVariantGroup section */

/* Begin XCBuildConfiguration section */
		5295D6DC25F973E700C47D2B /* Debug */ = {
			isa = XCBuildConfiguration;
			buildSettings = {
				ALWAYS_SEARCH_USER_PATHS = NO;
				CLANG_ANALYZER_NONNULL = YES;
				CLANG_ANALYZER_NUMBER_OBJECT_CONVERSION = YES_AGGRESSIVE;
				CLANG_CXX_LANGUAGE_STANDARD = "gnu++14";
				CLANG_CXX_LIBRARY = "libc++";
				CLANG_ENABLE_MODULES = YES;
				CLANG_ENABLE_OBJC_ARC = YES;
				CLANG_ENABLE_OBJC_WEAK = YES;
				CLANG_WARN_BLOCK_CAPTURE_AUTORELEASING = YES;
				CLANG_WARN_BOOL_CONVERSION = YES;
				CLANG_WARN_COMMA = YES;
				CLANG_WARN_CONSTANT_CONVERSION = YES;
				CLANG_WARN_DEPRECATED_OBJC_IMPLEMENTATIONS = YES;
				CLANG_WARN_DIRECT_OBJC_ISA_USAGE = YES_ERROR;
				CLANG_WARN_DOCUMENTATION_COMMENTS = YES;
				CLANG_WARN_EMPTY_BODY = YES;
				CLANG_WARN_ENUM_CONVERSION = YES;
				CLANG_WARN_INFINITE_RECURSION = YES;
				CLANG_WARN_INT_CONVERSION = YES;
				CLANG_WARN_NON_LITERAL_NULL_CONVERSION = YES;
				CLANG_WARN_OBJC_IMPLICIT_RETAIN_SELF = YES;
				CLANG_WARN_OBJC_LITERAL_CONVERSION = YES;
				CLANG_WARN_OBJC_ROOT_CLASS = YES_ERROR;
				CLANG_WARN_QUOTED_INCLUDE_IN_FRAMEWORK_HEADER = YES;
				CLANG_WARN_RANGE_LOOP_ANALYSIS = YES;
				CLANG_WARN_STRICT_PROTOTYPES = YES;
				CLANG_WARN_SUSPICIOUS_MOVE = YES;
				CLANG_WARN_UNGUARDED_AVAILABILITY = YES_AGGRESSIVE;
				CLANG_WARN_UNREACHABLE_CODE = YES;
				CLANG_WARN__DUPLICATE_METHOD_MATCH = YES;
				COPY_PHASE_STRIP = NO;
				DEBUG_INFORMATION_FORMAT = dwarf;
				ENABLE_STRICT_OBJC_MSGSEND = YES;
				ENABLE_TESTABILITY = YES;
				GCC_C_LANGUAGE_STANDARD = gnu11;
				GCC_DYNAMIC_NO_PIC = NO;
				GCC_NO_COMMON_BLOCKS = YES;
				GCC_OPTIMIZATION_LEVEL = 0;
				GCC_PREPROCESSOR_DEFINITIONS = (
					"DEBUG=1",
					"$(inherited)",
				);
				GCC_WARN_64_TO_32_BIT_CONVERSION = YES;
				GCC_WARN_ABOUT_RETURN_TYPE = YES_ERROR;
				GCC_WARN_UNDECLARED_SELECTOR = YES;
				GCC_WARN_UNINITIALIZED_AUTOS = YES_AGGRESSIVE;
				GCC_WARN_UNUSED_FUNCTION = YES;
				GCC_WARN_UNUSED_VARIABLE = YES;
				IPHONEOS_DEPLOYMENT_TARGET = 14.4;
				MTL_ENABLE_DEBUG_INFO = INCLUDE_SOURCE;
				MTL_FAST_MATH = YES;
				ONLY_ACTIVE_ARCH = YES;
				SDKROOT = iphoneos;
				SWIFT_ACTIVE_COMPILATION_CONDITIONS = DEBUG;
				SWIFT_OPTIMIZATION_LEVEL = "-Onone";
			};
			name = Debug;
		};
		5295D6DD25F973E700C47D2B /* Release */ = {
			isa = XCBuildConfiguration;
			buildSettings = {
				ALWAYS_SEARCH_USER_PATHS = NO;
				CLANG_ANALYZER_NONNULL = YES;
				CLANG_ANALYZER_NUMBER_OBJECT_CONVERSION = YES_AGGRESSIVE;
				CLANG_CXX_LANGUAGE_STANDARD = "gnu++14";
				CLANG_CXX_LIBRARY = "libc++";
				CLANG_ENABLE_MODULES = YES;
				CLANG_ENABLE_OBJC_ARC = YES;
				CLANG_ENABLE_OBJC_WEAK = YES;
				CLANG_WARN_BLOCK_CAPTURE_AUTORELEASING = YES;
				CLANG_WARN_BOOL_CONVERSION = YES;
				CLANG_WARN_COMMA = YES;
				CLANG_WARN_CONSTANT_CONVERSION = YES;
				CLANG_WARN_DEPRECATED_OBJC_IMPLEMENTATIONS = YES;
				CLANG_WARN_DIRECT_OBJC_ISA_USAGE = YES_ERROR;
				CLANG_WARN_DOCUMENTATION_COMMENTS = YES;
				CLANG_WARN_EMPTY_BODY = YES;
				CLANG_WARN_ENUM_CONVERSION = YES;
				CLANG_WARN_INFINITE_RECURSION = YES;
				CLANG_WARN_INT_CONVERSION = YES;
				CLANG_WARN_NON_LITERAL_NULL_CONVERSION = YES;
				CLANG_WARN_OBJC_IMPLICIT_RETAIN_SELF = YES;
				CLANG_WARN_OBJC_LITERAL_CONVERSION = YES;
				CLANG_WARN_OBJC_ROOT_CLASS = YES_ERROR;
				CLANG_WARN_QUOTED_INCLUDE_IN_FRAMEWORK_HEADER = YES;
				CLANG_WARN_RANGE_LOOP_ANALYSIS = YES;
				CLANG_WARN_STRICT_PROTOTYPES = YES;
				CLANG_WARN_SUSPICIOUS_MOVE = YES;
				CLANG_WARN_UNGUARDED_AVAILABILITY = YES_AGGRESSIVE;
				CLANG_WARN_UNREACHABLE_CODE = YES;
				CLANG_WARN__DUPLICATE_METHOD_MATCH = YES;
				COPY_PHASE_STRIP = NO;
				DEBUG_INFORMATION_FORMAT = "dwarf-with-dsym";
				ENABLE_NS_ASSERTIONS = NO;
				ENABLE_STRICT_OBJC_MSGSEND = YES;
				GCC_C_LANGUAGE_STANDARD = gnu11;
				GCC_NO_COMMON_BLOCKS = YES;
				GCC_WARN_64_TO_32_BIT_CONVERSION = YES;
				GCC_WARN_ABOUT_RETURN_TYPE = YES_ERROR;
				GCC_WARN_UNDECLARED_SELECTOR = YES;
				GCC_WARN_UNINITIALIZED_AUTOS = YES_AGGRESSIVE;
				GCC_WARN_UNUSED_FUNCTION = YES;
				GCC_WARN_UNUSED_VARIABLE = YES;
				IPHONEOS_DEPLOYMENT_TARGET = 14.4;
				MTL_ENABLE_DEBUG_INFO = NO;
				MTL_FAST_MATH = YES;
				SDKROOT = iphoneos;
				SWIFT_COMPILATION_MODE = wholemodule;
				SWIFT_OPTIMIZATION_LEVEL = "-O";
				VALIDATE_PRODUCT = YES;
			};
			name = Release;
		};
		5295D6DF25F973E700C47D2B /* Debug */ = {
			isa = XCBuildConfiguration;
			baseConfigurationReference = AD34C117D6F1AC46A0A52463 /* Pods-MyPlace.debug.xcconfig */;
			buildSettings = {
				ASSETCATALOG_COMPILER_APPICON_NAME = AppIcon;
				ASSETCATALOG_COMPILER_GLOBAL_ACCENT_COLOR_NAME = AccentColor;
				CODE_SIGN_STYLE = Automatic;
				DEVELOPMENT_ASSET_PATHS = "\"MyPlace/Preview Content\"";
				DEVELOPMENT_TEAM = 9N6DY9LAD5;
				ENABLE_PREVIEWS = YES;
				INFOPLIST_FILE = MyPlace/Info.plist;
				IPHONEOS_DEPLOYMENT_TARGET = 14.0;
				LD_RUNPATH_SEARCH_PATHS = (
					"$(inherited)",
					"@executable_path/Frameworks",
				);
				PRODUCT_BUNDLE_IDENTIFIER = com.peterszucs.MyPlace;
				PRODUCT_NAME = "$(TARGET_NAME)";
				SWIFT_VERSION = 5.0;
				TARGETED_DEVICE_FAMILY = "1,2";
			};
			name = Debug;
		};
		5295D6E025F973E700C47D2B /* Release */ = {
			isa = XCBuildConfiguration;
			baseConfigurationReference = 842B1B8B213968031EA6399A /* Pods-MyPlace.release.xcconfig */;
			buildSettings = {
				ASSETCATALOG_COMPILER_APPICON_NAME = AppIcon;
				ASSETCATALOG_COMPILER_GLOBAL_ACCENT_COLOR_NAME = AccentColor;
				CODE_SIGN_STYLE = Automatic;
				DEVELOPMENT_ASSET_PATHS = "\"MyPlace/Preview Content\"";
				DEVELOPMENT_TEAM = 9N6DY9LAD5;
				ENABLE_PREVIEWS = YES;
				INFOPLIST_FILE = MyPlace/Info.plist;
				IPHONEOS_DEPLOYMENT_TARGET = 14.0;
				LD_RUNPATH_SEARCH_PATHS = (
					"$(inherited)",
					"@executable_path/Frameworks",
				);
				PRODUCT_BUNDLE_IDENTIFIER = com.peterszucs.MyPlace;
				PRODUCT_NAME = "$(TARGET_NAME)";
				SWIFT_VERSION = 5.0;
				TARGETED_DEVICE_FAMILY = "1,2";
			};
			name = Release;
		};
		5295D6E225F973E700C47D2B /* Debug */ = {
			isa = XCBuildConfiguration;
			baseConfigurationReference = 5A0DF2BD1DBC5C7F283B33A0 /* Pods-MyPlaceTests.debug.xcconfig */;
			buildSettings = {
				ALWAYS_EMBED_SWIFT_STANDARD_LIBRARIES = YES;
				BUNDLE_LOADER = "$(TEST_HOST)";
				CODE_SIGN_STYLE = Automatic;
				DEVELOPMENT_TEAM = 9N6DY9LAD5;
				INFOPLIST_FILE = MyPlaceTests/Info.plist;
				IPHONEOS_DEPLOYMENT_TARGET = 14.0;
				LD_RUNPATH_SEARCH_PATHS = (
					"$(inherited)",
					"@executable_path/Frameworks",
					"@loader_path/Frameworks",
				);
				PRODUCT_BUNDLE_IDENTIFIER = com.peterszucs.MyPlaceTests;
				PRODUCT_NAME = "$(TARGET_NAME)";
				SWIFT_VERSION = 5.0;
				TARGETED_DEVICE_FAMILY = "1,2";
				TEST_HOST = "$(BUILT_PRODUCTS_DIR)/MyPlace.app/MyPlace";
			};
			name = Debug;
		};
		5295D6E325F973E700C47D2B /* Release */ = {
			isa = XCBuildConfiguration;
			baseConfigurationReference = E45482828D86FDFDE080AF11 /* Pods-MyPlaceTests.release.xcconfig */;
			buildSettings = {
				ALWAYS_EMBED_SWIFT_STANDARD_LIBRARIES = YES;
				BUNDLE_LOADER = "$(TEST_HOST)";
				CODE_SIGN_STYLE = Automatic;
				DEVELOPMENT_TEAM = 9N6DY9LAD5;
				INFOPLIST_FILE = MyPlaceTests/Info.plist;
				IPHONEOS_DEPLOYMENT_TARGET = 14.0;
				LD_RUNPATH_SEARCH_PATHS = (
					"$(inherited)",
					"@executable_path/Frameworks",
					"@loader_path/Frameworks",
				);
				PRODUCT_BUNDLE_IDENTIFIER = com.peterszucs.MyPlaceTests;
				PRODUCT_NAME = "$(TARGET_NAME)";
				SWIFT_VERSION = 5.0;
				TARGETED_DEVICE_FAMILY = "1,2";
				TEST_HOST = "$(BUILT_PRODUCTS_DIR)/MyPlace.app/MyPlace";
			};
			name = Release;
		};
		5295D6E525F973E700C47D2B /* Debug */ = {
			isa = XCBuildConfiguration;
			baseConfigurationReference = D08E374B1F95C2D44CAF29DF /* Pods-MyPlace-MyPlaceUITests.debug.xcconfig */;
			buildSettings = {
				ALWAYS_EMBED_SWIFT_STANDARD_LIBRARIES = YES;
				CODE_SIGN_STYLE = Automatic;
				DEVELOPMENT_TEAM = 9N6DY9LAD5;
				INFOPLIST_FILE = MyPlaceUITests/Info.plist;
				LD_RUNPATH_SEARCH_PATHS = (
					"$(inherited)",
					"@executable_path/Frameworks",
					"@loader_path/Frameworks",
				);
				PRODUCT_BUNDLE_IDENTIFIER = com.peterszucs.MyPlaceUITests;
				PRODUCT_NAME = "$(TARGET_NAME)";
				SWIFT_VERSION = 5.0;
				TARGETED_DEVICE_FAMILY = "1,2";
				TEST_TARGET_NAME = MyPlace;
			};
			name = Debug;
		};
		5295D6E625F973E700C47D2B /* Release */ = {
			isa = XCBuildConfiguration;
			baseConfigurationReference = 2AC5EFBDF9079C98064E973A /* Pods-MyPlace-MyPlaceUITests.release.xcconfig */;
			buildSettings = {
				ALWAYS_EMBED_SWIFT_STANDARD_LIBRARIES = YES;
				CODE_SIGN_STYLE = Automatic;
				DEVELOPMENT_TEAM = 9N6DY9LAD5;
				INFOPLIST_FILE = MyPlaceUITests/Info.plist;
				LD_RUNPATH_SEARCH_PATHS = (
					"$(inherited)",
					"@executable_path/Frameworks",
					"@loader_path/Frameworks",
				);
				PRODUCT_BUNDLE_IDENTIFIER = com.peterszucs.MyPlaceUITests;
				PRODUCT_NAME = "$(TARGET_NAME)";
				SWIFT_VERSION = 5.0;
				TARGETED_DEVICE_FAMILY = "1,2";
				TEST_TARGET_NAME = MyPlace;
			};
			name = Release;
		};
/* End XCBuildConfiguration section */

/* Begin XCConfigurationList section */
		5295D6B425F973E200C47D2B /* Build configuration list for PBXProject "MyPlace" */ = {
			isa = XCConfigurationList;
			buildConfigurations = (
				5295D6DC25F973E700C47D2B /* Debug */,
				5295D6DD25F973E700C47D2B /* Release */,
			);
			defaultConfigurationIsVisible = 0;
			defaultConfigurationName = Release;
		};
		5295D6DE25F973E700C47D2B /* Build configuration list for PBXNativeTarget "MyPlace" */ = {
			isa = XCConfigurationList;
			buildConfigurations = (
				5295D6DF25F973E700C47D2B /* Debug */,
				5295D6E025F973E700C47D2B /* Release */,
			);
			defaultConfigurationIsVisible = 0;
			defaultConfigurationName = Release;
		};
		5295D6E125F973E700C47D2B /* Build configuration list for PBXNativeTarget "MyPlaceTests" */ = {
			isa = XCConfigurationList;
			buildConfigurations = (
				5295D6E225F973E700C47D2B /* Debug */,
				5295D6E325F973E700C47D2B /* Release */,
			);
			defaultConfigurationIsVisible = 0;
			defaultConfigurationName = Release;
		};
		5295D6E425F973E700C47D2B /* Build configuration list for PBXNativeTarget "MyPlaceUITests" */ = {
			isa = XCConfigurationList;
			buildConfigurations = (
				5295D6E525F973E700C47D2B /* Debug */,
				5295D6E625F973E700C47D2B /* Release */,
			);
			defaultConfigurationIsVisible = 0;
			defaultConfigurationName = Release;
		};
/* End XCConfigurationList section */
	};
	rootObject = 5295D6B125F973E200C47D2B /* Project object */;
}
