// !$*UTF8*$!
{
	archiveVersion = 1;
	classes = {
	};
	objectVersion = 51;
	objects = {

/* Begin PBXBuildFile section */
		35F0ACC766319AFBC901B95A /* Pods_MyPlaceTests.framework in Frameworks */ = {isa = PBXBuildFile; fileRef = EF027AF48AB68D3A37B7D8BD /* Pods_MyPlaceTests.framework */; };
		5262301826489D250018730C /* AddTagsView.swift in Sources */ = {isa = PBXBuildFile; fileRef = 5262301726489D250018730C /* AddTagsView.swift */; };
		5262301E264934B80018730C /* TagCell.swift in Sources */ = {isa = PBXBuildFile; fileRef = 5262301D264934B80018730C /* TagCell.swift */; };
		5262304026495F2A0018730C /* AddedPhotosView.swift in Sources */ = {isa = PBXBuildFile; fileRef = 5262303F26495F2A0018730C /* AddedPhotosView.swift */; };
		52623045264BD6ED0018730C /* PlaceMarkAddress.swift in Sources */ = {isa = PBXBuildFile; fileRef = 52623044264BD6EC0018730C /* PlaceMarkAddress.swift */; };
		52623065264C390E0018730C /* MyPlacesViewModel.swift in Sources */ = {isa = PBXBuildFile; fileRef = 52623064264C390E0018730C /* MyPlacesViewModel.swift */; };
		5262306A264E76170018730C /* MyPlacesCellView.swift in Sources */ = {isa = PBXBuildFile; fileRef = 52623069264E76160018730C /* MyPlacesCellView.swift */; };
		52623078264EDAC20018730C /* PlaceDetailView.swift in Sources */ = {isa = PBXBuildFile; fileRef = 52623077264EDAC20018730C /* PlaceDetailView.swift */; };
		52623080264EDAEF0018730C /* PlaceDetailViewModel.swift in Sources */ = {isa = PBXBuildFile; fileRef = 5262307F264EDAEF0018730C /* PlaceDetailViewModel.swift */; };
		5295D6BD25F973E200C47D2B /* MyPlaceApp.swift in Sources */ = {isa = PBXBuildFile; fileRef = 5295D6BC25F973E200C47D2B /* MyPlaceApp.swift */; };
		5295D6BF25F973E200C47D2B /* FirstPageView.swift in Sources */ = {isa = PBXBuildFile; fileRef = 5295D6BE25F973E200C47D2B /* FirstPageView.swift */; };
		5295D6C125F973E600C47D2B /* Assets.xcassets in Resources */ = {isa = PBXBuildFile; fileRef = 5295D6C025F973E600C47D2B /* Assets.xcassets */; };
		5295D6C425F973E600C47D2B /* Preview Assets.xcassets in Resources */ = {isa = PBXBuildFile; fileRef = 5295D6C325F973E600C47D2B /* Preview Assets.xcassets */; };
		5295D6CF25F973E600C47D2B /* MyPlaceTests.swift in Sources */ = {isa = PBXBuildFile; fileRef = 5295D6CE25F973E600C47D2B /* MyPlaceTests.swift */; };
		5295D6DA25F973E700C47D2B /* MyPlaceUITests.swift in Sources */ = {isa = PBXBuildFile; fileRef = 5295D6D925F973E700C47D2B /* MyPlaceUITests.swift */; };
		5295D70325F97FE400C47D2B /* RegisterSecondView.swift in Sources */ = {isa = PBXBuildFile; fileRef = 5295D70225F97FE400C47D2B /* RegisterSecondView.swift */; };
		5295D70825F98A9200C47D2B /* User.swift in Sources */ = {isa = PBXBuildFile; fileRef = 5295D70725F98A9200C47D2B /* User.swift */; };
		52B05F7C2647F48E00E22F06 /* AddPlaceView.swift in Sources */ = {isa = PBXBuildFile; fileRef = 52B05F7B2647F48E00E22F06 /* AddPlaceView.swift */; };
		52B05F842647F49C00E22F06 /* AddPlaceViewModel.swift in Sources */ = {isa = PBXBuildFile; fileRef = 52B05F832647F49C00E22F06 /* AddPlaceViewModel.swift */; };
		52B05F892648039700E22F06 /* Tag.swift in Sources */ = {isa = PBXBuildFile; fileRef = 52B05F882648039700E22F06 /* Tag.swift */; };
		52B05F8E26482EC100E22F06 /* AddPlaceTagsView.swift in Sources */ = {isa = PBXBuildFile; fileRef = 52B05F8D26482EC100E22F06 /* AddPlaceTagsView.swift */; };
		52B05F93264841FD00E22F06 /* AddPlaceAddTagsView.swift in Sources */ = {isa = PBXBuildFile; fileRef = 52B05F92264841FD00E22F06 /* AddPlaceAddTagsView.swift */; };
		52BE2C542626F080000DB5D4 /* Place.swift in Sources */ = {isa = PBXBuildFile; fileRef = 52BE2C532626F080000DB5D4 /* Place.swift */; };
		52E35B8D26415A8100FE1D2A /* FormTextView.swift in Sources */ = {isa = PBXBuildFile; fileRef = 52E35B8C26415A8100FE1D2A /* FormTextView.swift */; };
		52E35B9726415C0D00FE1D2A /* FirstPageViewModel.swift in Sources */ = {isa = PBXBuildFile; fileRef = 52E35B9626415C0D00FE1D2A /* FirstPageViewModel.swift */; };
		52E35BA1264161B100FE1D2A /* RegisterSecondViewModel.swift in Sources */ = {isa = PBXBuildFile; fileRef = 52E35BA0264161B100FE1D2A /* RegisterSecondViewModel.swift */; };
		52E35BA9264161CE00FE1D2A /* LoginViewModel.swift in Sources */ = {isa = PBXBuildFile; fileRef = 52E35BA8264161CE00FE1D2A /* LoginViewModel.swift */; };
		52E35BAF2641764D00FE1D2A /* FirebaseRepository.swift in Sources */ = {isa = PBXBuildFile; fileRef = 52E35BAE2641764D00FE1D2A /* FirebaseRepository.swift */; };
		52E35BB82641FAD600FE1D2A /* RegisterFirstView.swift in Sources */ = {isa = PBXBuildFile; fileRef = 52E35BB72641FAD600FE1D2A /* RegisterFirstView.swift */; };
		52E35BC32641FDCD00FE1D2A /* RegisterFirstViewModel.swift in Sources */ = {isa = PBXBuildFile; fileRef = 52E35BC22641FDCD00FE1D2A /* RegisterFirstViewModel.swift */; };
		52E35BC826428C2600FE1D2A /* LoadingView.swift in Sources */ = {isa = PBXBuildFile; fileRef = 52E35BC726428C2500FE1D2A /* LoadingView.swift */; };
		52E35BCE2642986A00FE1D2A /* ViewExtensions.swift in Sources */ = {isa = PBXBuildFile; fileRef = 52E35BCD2642986A00FE1D2A /* ViewExtensions.swift */; };
		52E35BD72642B6CF00FE1D2A /* ImagePicker.swift in Sources */ = {isa = PBXBuildFile; fileRef = 52E35BD62642B6CF00FE1D2A /* ImagePicker.swift */; };
		52E35BE82642DD9300FE1D2A /* MapView.swift in Sources */ = {isa = PBXBuildFile; fileRef = 52E35BE72642DD9300FE1D2A /* MapView.swift */; };
		52E35BF02642EB0200FE1D2A /* ActivityView.swift in Sources */ = {isa = PBXBuildFile; fileRef = 52E35BEF2642EB0200FE1D2A /* ActivityView.swift */; };
		52E35BF526431E1A00FE1D2A /* MapUIView.swift in Sources */ = {isa = PBXBuildFile; fileRef = 52E35BF426431E1A00FE1D2A /* MapUIView.swift */; };
		52E35BFA26431EB100FE1D2A /* MapViewModel.swift in Sources */ = {isa = PBXBuildFile; fileRef = 52E35BF926431EB100FE1D2A /* MapViewModel.swift */; };
		52E35C0326441C9E00FE1D2A /* MenuView.swift in Sources */ = {isa = PBXBuildFile; fileRef = 52E35C0226441C9E00FE1D2A /* MenuView.swift */; };
		52E35C0B26441CAE00FE1D2A /* MenuViewModel.swift in Sources */ = {isa = PBXBuildFile; fileRef = 52E35C0A26441CAE00FE1D2A /* MenuViewModel.swift */; };
		52E35C1026442CDC00FE1D2A /* MenuItem.swift in Sources */ = {isa = PBXBuildFile; fileRef = 52E35C0F26442CDB00FE1D2A /* MenuItem.swift */; };
		52E35C1F264436E900FE1D2A /* SettingsView.swift in Sources */ = {isa = PBXBuildFile; fileRef = 52E35C1E264436E800FE1D2A /* SettingsView.swift */; };
		52E35C2526443A6900FE1D2A /* MenuCellView.swift in Sources */ = {isa = PBXBuildFile; fileRef = 52E35C2426443A6900FE1D2A /* MenuCellView.swift */; };
		52E35C2D2644451C00FE1D2A /* FriendsListView.swift in Sources */ = {isa = PBXBuildFile; fileRef = 52E35C2C2644451C00FE1D2A /* FriendsListView.swift */; };
		52E35C352644452C00FE1D2A /* MyPlacesView.swift in Sources */ = {isa = PBXBuildFile; fileRef = 52E35C342644452C00FE1D2A /* MyPlacesView.swift */; };
		52E35C3A26444BE200FE1D2A /* UserInfo.swift in Sources */ = {isa = PBXBuildFile; fileRef = 52E35C3926444BE200FE1D2A /* UserInfo.swift */; };
		52E35C4026444D4F00FE1D2A /* SplashView.swift in Sources */ = {isa = PBXBuildFile; fileRef = 52E35C3F26444D4F00FE1D2A /* SplashView.swift */; };
		52E35C482644504600FE1D2A /* SplashLoadingView.swift in Sources */ = {isa = PBXBuildFile; fileRef = 52E35C472644504600FE1D2A /* SplashLoadingView.swift */; };
		52E35C5626446B8900FE1D2A /* FIRKeys.swift in Sources */ = {isa = PBXBuildFile; fileRef = 52E35C5526446B8800FE1D2A /* FIRKeys.swift */; };
		52E35C5E2644B8F800FE1D2A /* FriendsListViewModel.swift in Sources */ = {isa = PBXBuildFile; fileRef = 52E35C5D2644B8F800FE1D2A /* FriendsListViewModel.swift */; };
		52E35C632644BDE400FE1D2A /* FriendsListCellView.swift in Sources */ = {isa = PBXBuildFile; fileRef = 52E35C622644BDE400FE1D2A /* FriendsListCellView.swift */; };
		52E35C682645443400FE1D2A /* ImageExtensions.swift in Sources */ = {isa = PBXBuildFile; fileRef = 52E35C672645443300FE1D2A /* ImageExtensions.swift */; };
		52E35C6D26454EEB00FE1D2A /* SplashViewModel.swift in Sources */ = {isa = PBXBuildFile; fileRef = 52E35C6C26454EEB00FE1D2A /* SplashViewModel.swift */; };
		52E35C7226456E3400FE1D2A /* SettingsViewModel.swift in Sources */ = {isa = PBXBuildFile; fileRef = 52E35C7126456E3300FE1D2A /* SettingsViewModel.swift */; };
		52E35C772645839300FE1D2A /* ViewModifiers.swift in Sources */ = {isa = PBXBuildFile; fileRef = 52E35C762645839300FE1D2A /* ViewModifiers.swift */; };
		52E35C7C2646BF9400FE1D2A /* MapBottomMenuIcon.swift in Sources */ = {isa = PBXBuildFile; fileRef = 52E35C7B2646BF9400FE1D2A /* MapBottomMenuIcon.swift */; };
		52EDC02C25FAC8E600B0F3F9 /* GoogleService-Info.plist in Resources */ = {isa = PBXBuildFile; fileRef = 52EDC02B25FAC8E600B0F3F9 /* GoogleService-Info.plist */; };
		52EDC03125FAC99900B0F3F9 /* LogInView.swift in Sources */ = {isa = PBXBuildFile; fileRef = 52EDC03025FAC99900B0F3F9 /* LogInView.swift */; };
		52EDC03A25FACE3600B0F3F9 /* Localizable.strings in Resources */ = {isa = PBXBuildFile; fileRef = 52EDC03C25FACE3600B0F3F9 /* Localizable.strings */; };
		52EDC04525FB69B700B0F3F9 /* AppDelegate.swift in Sources */ = {isa = PBXBuildFile; fileRef = 52EDC04425FB69B700B0F3F9 /* AppDelegate.swift */; };
		52F993DF263EA4F700B5FAB0 /* ButtonStyleRegular.swift in Sources */ = {isa = PBXBuildFile; fileRef = 52F993DE263EA4F600B5FAB0 /* ButtonStyleRegular.swift */; };
		52FABA702615A6A500F88DB5 /* FirebaseImage.swift in Sources */ = {isa = PBXBuildFile; fileRef = 52FABA6F2615A6A400F88DB5 /* FirebaseImage.swift */; };
		52FABA762615A92A00F88DB5 /* ImageLoader.swift in Sources */ = {isa = PBXBuildFile; fileRef = 52FABA752615A92A00F88DB5 /* ImageLoader.swift */; };
		538EF94168EA55D7CBE673EF /* Pods_MyPlace_MyPlaceUITests.framework in Frameworks */ = {isa = PBXBuildFile; fileRef = 6638A239191D647980810499 /* Pods_MyPlace_MyPlaceUITests.framework */; };
		99101BFF751E03D078024C2A /* Pods_MyPlace.framework in Frameworks */ = {isa = PBXBuildFile; fileRef = 3F9151435807468970BA59B7 /* Pods_MyPlace.framework */; };
/* End PBXBuildFile section */

/* Begin PBXContainerItemProxy section */
		5295D6CB25F973E600C47D2B /* PBXContainerItemProxy */ = {
			isa = PBXContainerItemProxy;
			containerPortal = 5295D6B125F973E200C47D2B /* Project object */;
			proxyType = 1;
			remoteGlobalIDString = 5295D6B825F973E200C47D2B;
			remoteInfo = MyPlace;
		};
		5295D6D625F973E700C47D2B /* PBXContainerItemProxy */ = {
			isa = PBXContainerItemProxy;
			containerPortal = 5295D6B125F973E200C47D2B /* Project object */;
			proxyType = 1;
			remoteGlobalIDString = 5295D6B825F973E200C47D2B;
			remoteInfo = MyPlace;
		};
/* End PBXContainerItemProxy section */

/* Begin PBXFileReference section */
		2AC5EFBDF9079C98064E973A /* Pods-MyPlace-MyPlaceUITests.release.xcconfig */ = {isa = PBXFileReference; includeInIndex = 1; lastKnownFileType = text.xcconfig; name = "Pods-MyPlace-MyPlaceUITests.release.xcconfig"; path = "Target Support Files/Pods-MyPlace-MyPlaceUITests/Pods-MyPlace-MyPlaceUITests.release.xcconfig"; sourceTree = "<group>"; };
		3F9151435807468970BA59B7 /* Pods_MyPlace.framework */ = {isa = PBXFileReference; explicitFileType = wrapper.framework; includeInIndex = 0; path = Pods_MyPlace.framework; sourceTree = BUILT_PRODUCTS_DIR; };
		5262301726489D250018730C /* AddTagsView.swift */ = {isa = PBXFileReference; lastKnownFileType = sourcecode.swift; path = AddTagsView.swift; sourceTree = "<group>"; };
		5262301D264934B80018730C /* TagCell.swift */ = {isa = PBXFileReference; lastKnownFileType = sourcecode.swift; path = TagCell.swift; sourceTree = "<group>"; };
		5262303F26495F2A0018730C /* AddedPhotosView.swift */ = {isa = PBXFileReference; lastKnownFileType = sourcecode.swift; path = AddedPhotosView.swift; sourceTree = "<group>"; };
		52623044264BD6EC0018730C /* PlaceMarkAddress.swift */ = {isa = PBXFileReference; lastKnownFileType = sourcecode.swift; path = PlaceMarkAddress.swift; sourceTree = "<group>"; };
		52623064264C390E0018730C /* MyPlacesViewModel.swift */ = {isa = PBXFileReference; lastKnownFileType = sourcecode.swift; path = MyPlacesViewModel.swift; sourceTree = "<group>"; };
		52623069264E76160018730C /* MyPlacesCellView.swift */ = {isa = PBXFileReference; lastKnownFileType = sourcecode.swift; path = MyPlacesCellView.swift; sourceTree = "<group>"; };
		52623077264EDAC20018730C /* PlaceDetailView.swift */ = {isa = PBXFileReference; lastKnownFileType = sourcecode.swift; path = PlaceDetailView.swift; sourceTree = "<group>"; };
		5262307F264EDAEF0018730C /* PlaceDetailViewModel.swift */ = {isa = PBXFileReference; lastKnownFileType = sourcecode.swift; path = PlaceDetailViewModel.swift; sourceTree = "<group>"; };
		5295D6B925F973E200C47D2B /* MyPlace.app */ = {isa = PBXFileReference; explicitFileType = wrapper.application; includeInIndex = 0; path = MyPlace.app; sourceTree = BUILT_PRODUCTS_DIR; };
		5295D6BC25F973E200C47D2B /* MyPlaceApp.swift */ = {isa = PBXFileReference; lastKnownFileType = sourcecode.swift; path = MyPlaceApp.swift; sourceTree = "<group>"; };
		5295D6BE25F973E200C47D2B /* FirstPageView.swift */ = {isa = PBXFileReference; lastKnownFileType = sourcecode.swift; path = FirstPageView.swift; sourceTree = "<group>"; };
		5295D6C025F973E600C47D2B /* Assets.xcassets */ = {isa = PBXFileReference; lastKnownFileType = folder.assetcatalog; path = Assets.xcassets; sourceTree = "<group>"; };
		5295D6C325F973E600C47D2B /* Preview Assets.xcassets */ = {isa = PBXFileReference; lastKnownFileType = folder.assetcatalog; path = "Preview Assets.xcassets"; sourceTree = "<group>"; };
		5295D6C525F973E600C47D2B /* Info.plist */ = {isa = PBXFileReference; lastKnownFileType = text.plist.xml; path = Info.plist; sourceTree = "<group>"; };
		5295D6CA25F973E600C47D2B /* MyPlaceTests.xctest */ = {isa = PBXFileReference; explicitFileType = wrapper.cfbundle; includeInIndex = 0; path = MyPlaceTests.xctest; sourceTree = BUILT_PRODUCTS_DIR; };
		5295D6CE25F973E600C47D2B /* MyPlaceTests.swift */ = {isa = PBXFileReference; lastKnownFileType = sourcecode.swift; path = MyPlaceTests.swift; sourceTree = "<group>"; };
		5295D6D025F973E700C47D2B /* Info.plist */ = {isa = PBXFileReference; lastKnownFileType = text.plist.xml; path = Info.plist; sourceTree = "<group>"; };
		5295D6D525F973E700C47D2B /* MyPlaceUITests.xctest */ = {isa = PBXFileReference; explicitFileType = wrapper.cfbundle; includeInIndex = 0; path = MyPlaceUITests.xctest; sourceTree = BUILT_PRODUCTS_DIR; };
		5295D6D925F973E700C47D2B /* MyPlaceUITests.swift */ = {isa = PBXFileReference; lastKnownFileType = sourcecode.swift; path = MyPlaceUITests.swift; sourceTree = "<group>"; };
		5295D6DB25F973E700C47D2B /* Info.plist */ = {isa = PBXFileReference; lastKnownFileType = text.plist.xml; path = Info.plist; sourceTree = "<group>"; };
		5295D70225F97FE400C47D2B /* RegisterSecondView.swift */ = {isa = PBXFileReference; lastKnownFileType = sourcecode.swift; path = RegisterSecondView.swift; sourceTree = "<group>"; };
		5295D70725F98A9200C47D2B /* User.swift */ = {isa = PBXFileReference; lastKnownFileType = sourcecode.swift; path = User.swift; sourceTree = "<group>"; };
		52B05F7B2647F48E00E22F06 /* AddPlaceView.swift */ = {isa = PBXFileReference; lastKnownFileType = sourcecode.swift; path = AddPlaceView.swift; sourceTree = "<group>"; };
		52B05F832647F49C00E22F06 /* AddPlaceViewModel.swift */ = {isa = PBXFileReference; lastKnownFileType = sourcecode.swift; path = AddPlaceViewModel.swift; sourceTree = "<group>"; };
		52B05F882648039700E22F06 /* Tag.swift */ = {isa = PBXFileReference; lastKnownFileType = sourcecode.swift; path = Tag.swift; sourceTree = "<group>"; };
		52B05F8D26482EC100E22F06 /* AddPlaceTagsView.swift */ = {isa = PBXFileReference; lastKnownFileType = sourcecode.swift; path = AddPlaceTagsView.swift; sourceTree = "<group>"; };
		52B05F92264841FD00E22F06 /* AddPlaceAddTagsView.swift */ = {isa = PBXFileReference; lastKnownFileType = sourcecode.swift; path = AddPlaceAddTagsView.swift; sourceTree = "<group>"; };
		52BE2C532626F080000DB5D4 /* Place.swift */ = {isa = PBXFileReference; lastKnownFileType = sourcecode.swift; path = Place.swift; sourceTree = "<group>"; };
		52E35B8C26415A8100FE1D2A /* FormTextView.swift */ = {isa = PBXFileReference; lastKnownFileType = sourcecode.swift; path = FormTextView.swift; sourceTree = "<group>"; };
		52E35B9626415C0D00FE1D2A /* FirstPageViewModel.swift */ = {isa = PBXFileReference; lastKnownFileType = sourcecode.swift; path = FirstPageViewModel.swift; sourceTree = "<group>"; };
		52E35BA0264161B100FE1D2A /* RegisterSecondViewModel.swift */ = {isa = PBXFileReference; lastKnownFileType = sourcecode.swift; path = RegisterSecondViewModel.swift; sourceTree = "<group>"; };
		52E35BA8264161CE00FE1D2A /* LoginViewModel.swift */ = {isa = PBXFileReference; lastKnownFileType = sourcecode.swift; path = LoginViewModel.swift; sourceTree = "<group>"; };
		52E35BAE2641764D00FE1D2A /* FirebaseRepository.swift */ = {isa = PBXFileReference; lastKnownFileType = sourcecode.swift; path = FirebaseRepository.swift; sourceTree = "<group>"; };
		52E35BB72641FAD600FE1D2A /* RegisterFirstView.swift */ = {isa = PBXFileReference; lastKnownFileType = sourcecode.swift; path = RegisterFirstView.swift; sourceTree = "<group>"; };
		52E35BC22641FDCD00FE1D2A /* RegisterFirstViewModel.swift */ = {isa = PBXFileReference; lastKnownFileType = sourcecode.swift; path = RegisterFirstViewModel.swift; sourceTree = "<group>"; };
		52E35BC726428C2500FE1D2A /* LoadingView.swift */ = {isa = PBXFileReference; lastKnownFileType = sourcecode.swift; path = LoadingView.swift; sourceTree = "<group>"; };
		52E35BCD2642986A00FE1D2A /* ViewExtensions.swift */ = {isa = PBXFileReference; lastKnownFileType = sourcecode.swift; path = ViewExtensions.swift; sourceTree = "<group>"; };
		52E35BD62642B6CF00FE1D2A /* ImagePicker.swift */ = {isa = PBXFileReference; lastKnownFileType = sourcecode.swift; path = ImagePicker.swift; sourceTree = "<group>"; };
		52E35BE72642DD9300FE1D2A /* MapView.swift */ = {isa = PBXFileReference; lastKnownFileType = sourcecode.swift; path = MapView.swift; sourceTree = "<group>"; };
		52E35BEF2642EB0200FE1D2A /* ActivityView.swift */ = {isa = PBXFileReference; lastKnownFileType = sourcecode.swift; path = ActivityView.swift; sourceTree = "<group>"; };
		52E35BF426431E1A00FE1D2A /* MapUIView.swift */ = {isa = PBXFileReference; lastKnownFileType = sourcecode.swift; path = MapUIView.swift; sourceTree = "<group>"; };
		52E35BF926431EB100FE1D2A /* MapViewModel.swift */ = {isa = PBXFileReference; lastKnownFileType = sourcecode.swift; path = MapViewModel.swift; sourceTree = "<group>"; };
		52E35C0226441C9E00FE1D2A /* MenuView.swift */ = {isa = PBXFileReference; lastKnownFileType = sourcecode.swift; path = MenuView.swift; sourceTree = "<group>"; };
		52E35C0A26441CAE00FE1D2A /* MenuViewModel.swift */ = {isa = PBXFileReference; lastKnownFileType = sourcecode.swift; path = MenuViewModel.swift; sourceTree = "<group>"; };
		52E35C0F26442CDB00FE1D2A /* MenuItem.swift */ = {isa = PBXFileReference; lastKnownFileType = sourcecode.swift; path = MenuItem.swift; sourceTree = "<group>"; };
		52E35C1E264436E800FE1D2A /* SettingsView.swift */ = {isa = PBXFileReference; lastKnownFileType = sourcecode.swift; path = SettingsView.swift; sourceTree = "<group>"; };
		52E35C2426443A6900FE1D2A /* MenuCellView.swift */ = {isa = PBXFileReference; lastKnownFileType = sourcecode.swift; path = MenuCellView.swift; sourceTree = "<group>"; };
		52E35C2C2644451C00FE1D2A /* FriendsListView.swift */ = {isa = PBXFileReference; lastKnownFileType = sourcecode.swift; path = FriendsListView.swift; sourceTree = "<group>"; };
		52E35C342644452C00FE1D2A /* MyPlacesView.swift */ = {isa = PBXFileReference; lastKnownFileType = sourcecode.swift; path = MyPlacesView.swift; sourceTree = "<group>"; };
		52E35C3926444BE200FE1D2A /* UserInfo.swift */ = {isa = PBXFileReference; lastKnownFileType = sourcecode.swift; path = UserInfo.swift; sourceTree = "<group>"; };
		52E35C3F26444D4F00FE1D2A /* SplashView.swift */ = {isa = PBXFileReference; lastKnownFileType = sourcecode.swift; path = SplashView.swift; sourceTree = "<group>"; };
		52E35C472644504600FE1D2A /* SplashLoadingView.swift */ = {isa = PBXFileReference; lastKnownFileType = sourcecode.swift; path = SplashLoadingView.swift; sourceTree = "<group>"; };
		52E35C5526446B8800FE1D2A /* FIRKeys.swift */ = {isa = PBXFileReference; lastKnownFileType = sourcecode.swift; path = FIRKeys.swift; sourceTree = "<group>"; };
		52E35C5D2644B8F800FE1D2A /* FriendsListViewModel.swift */ = {isa = PBXFileReference; lastKnownFileType = sourcecode.swift; path = FriendsListViewModel.swift; sourceTree = "<group>"; };
		52E35C622644BDE400FE1D2A /* FriendsListCellView.swift */ = {isa = PBXFileReference; lastKnownFileType = sourcecode.swift; path = FriendsListCellView.swift; sourceTree = "<group>"; };
		52E35C672645443300FE1D2A /* ImageExtensions.swift */ = {isa = PBXFileReference; lastKnownFileType = sourcecode.swift; path = ImageExtensions.swift; sourceTree = "<group>"; };
		52E35C6C26454EEB00FE1D2A /* SplashViewModel.swift */ = {isa = PBXFileReference; lastKnownFileType = sourcecode.swift; path = SplashViewModel.swift; sourceTree = "<group>"; };
		52E35C7126456E3300FE1D2A /* SettingsViewModel.swift */ = {isa = PBXFileReference; lastKnownFileType = sourcecode.swift; path = SettingsViewModel.swift; sourceTree = "<group>"; };
		52E35C762645839300FE1D2A /* ViewModifiers.swift */ = {isa = PBXFileReference; lastKnownFileType = sourcecode.swift; path = ViewModifiers.swift; sourceTree = "<group>"; };
		52E35C7B2646BF9400FE1D2A /* MapBottomMenuIcon.swift */ = {isa = PBXFileReference; lastKnownFileType = sourcecode.swift; path = MapBottomMenuIcon.swift; sourceTree = "<group>"; };
		52EDC02B25FAC8E600B0F3F9 /* GoogleService-Info.plist */ = {isa = PBXFileReference; fileEncoding = 4; lastKnownFileType = text.plist.xml; path = "GoogleService-Info.plist"; sourceTree = "<group>"; };
		52EDC03025FAC99900B0F3F9 /* LogInView.swift */ = {isa = PBXFileReference; lastKnownFileType = sourcecode.swift; path = LogInView.swift; sourceTree = "<group>"; };
		52EDC03B25FACE3600B0F3F9 /* en */ = {isa = PBXFileReference; lastKnownFileType = text.plist.strings; name = en; path = en.lproj/Localizable.strings; sourceTree = "<group>"; };
		52EDC04025FACE3E00B0F3F9 /* sv */ = {isa = PBXFileReference; lastKnownFileType = text.plist.strings; name = sv; path = sv.lproj/Localizable.strings; sourceTree = "<group>"; };
		52EDC04425FB69B700B0F3F9 /* AppDelegate.swift */ = {isa = PBXFileReference; lastKnownFileType = sourcecode.swift; path = AppDelegate.swift; sourceTree = "<group>"; };
		52F993DE263EA4F600B5FAB0 /* ButtonStyleRegular.swift */ = {isa = PBXFileReference; lastKnownFileType = sourcecode.swift; path = ButtonStyleRegular.swift; sourceTree = "<group>"; };
		52FABA6F2615A6A400F88DB5 /* FirebaseImage.swift */ = {isa = PBXFileReference; lastKnownFileType = sourcecode.swift; path = FirebaseImage.swift; sourceTree = "<group>"; };
		52FABA752615A92A00F88DB5 /* ImageLoader.swift */ = {isa = PBXFileReference; lastKnownFileType = sourcecode.swift; path = ImageLoader.swift; sourceTree = "<group>"; };
		5A0DF2BD1DBC5C7F283B33A0 /* Pods-MyPlaceTests.debug.xcconfig */ = {isa = PBXFileReference; includeInIndex = 1; lastKnownFileType = text.xcconfig; name = "Pods-MyPlaceTests.debug.xcconfig"; path = "Target Support Files/Pods-MyPlaceTests/Pods-MyPlaceTests.debug.xcconfig"; sourceTree = "<group>"; };
		6638A239191D647980810499 /* Pods_MyPlace_MyPlaceUITests.framework */ = {isa = PBXFileReference; explicitFileType = wrapper.framework; includeInIndex = 0; path = Pods_MyPlace_MyPlaceUITests.framework; sourceTree = BUILT_PRODUCTS_DIR; };
		842B1B8B213968031EA6399A /* Pods-MyPlace.release.xcconfig */ = {isa = PBXFileReference; includeInIndex = 1; lastKnownFileType = text.xcconfig; name = "Pods-MyPlace.release.xcconfig"; path = "Target Support Files/Pods-MyPlace/Pods-MyPlace.release.xcconfig"; sourceTree = "<group>"; };
		AD34C117D6F1AC46A0A52463 /* Pods-MyPlace.debug.xcconfig */ = {isa = PBXFileReference; includeInIndex = 1; lastKnownFileType = text.xcconfig; name = "Pods-MyPlace.debug.xcconfig"; path = "Target Support Files/Pods-MyPlace/Pods-MyPlace.debug.xcconfig"; sourceTree = "<group>"; };
		D08E374B1F95C2D44CAF29DF /* Pods-MyPlace-MyPlaceUITests.debug.xcconfig */ = {isa = PBXFileReference; includeInIndex = 1; lastKnownFileType = text.xcconfig; name = "Pods-MyPlace-MyPlaceUITests.debug.xcconfig"; path = "Target Support Files/Pods-MyPlace-MyPlaceUITests/Pods-MyPlace-MyPlaceUITests.debug.xcconfig"; sourceTree = "<group>"; };
		E45482828D86FDFDE080AF11 /* Pods-MyPlaceTests.release.xcconfig */ = {isa = PBXFileReference; includeInIndex = 1; lastKnownFileType = text.xcconfig; name = "Pods-MyPlaceTests.release.xcconfig"; path = "Target Support Files/Pods-MyPlaceTests/Pods-MyPlaceTests.release.xcconfig"; sourceTree = "<group>"; };
		EF027AF48AB68D3A37B7D8BD /* Pods_MyPlaceTests.framework */ = {isa = PBXFileReference; explicitFileType = wrapper.framework; includeInIndex = 0; path = Pods_MyPlaceTests.framework; sourceTree = BUILT_PRODUCTS_DIR; };
/* End PBXFileReference section */

/* Begin PBXFrameworksBuildPhase section */
		5295D6B625F973E200C47D2B /* Frameworks */ = {
			isa = PBXFrameworksBuildPhase;
			buildActionMask = 2147483647;
			files = (
				99101BFF751E03D078024C2A /* Pods_MyPlace.framework in Frameworks */,
			);
			runOnlyForDeploymentPostprocessing = 0;
		};
		5295D6C725F973E600C47D2B /* Frameworks */ = {
			isa = PBXFrameworksBuildPhase;
			buildActionMask = 2147483647;
			files = (
				35F0ACC766319AFBC901B95A /* Pods_MyPlaceTests.framework in Frameworks */,
			);
			runOnlyForDeploymentPostprocessing = 0;
		};
		5295D6D225F973E700C47D2B /* Frameworks */ = {
			isa = PBXFrameworksBuildPhase;
			buildActionMask = 2147483647;
			files = (
				538EF94168EA55D7CBE673EF /* Pods_MyPlace_MyPlaceUITests.framework in Frameworks */,
			);
			runOnlyForDeploymentPostprocessing = 0;
		};
/* End PBXFrameworksBuildPhase section */

/* Begin PBXGroup section */
		524E919926488DA500F6D047 /* Views */ = {
			isa = PBXGroup;
			children = (
				5262301C264934A70018730C /* Cells */,
				5262301726489D250018730C /* AddTagsView.swift */,
				5262303F26495F2A0018730C /* AddedPhotosView.swift */,
			);
			path = Views;
			sourceTree = "<group>";
		};
		5262301C264934A70018730C /* Cells */ = {
			isa = PBXGroup;
			children = (
				5262301D264934B80018730C /* TagCell.swift */,
			);
			path = Cells;
			sourceTree = "<group>";
		};
		52623076264EDAB20018730C /* PlaceDetail */ = {
			isa = PBXGroup;
			children = (
				52623077264EDAC20018730C /* PlaceDetailView.swift */,
				5262307F264EDAEF0018730C /* PlaceDetailViewModel.swift */,
			);
			path = PlaceDetail;
			sourceTree = "<group>";
		};
		5295D6B025F973E200C47D2B = {
			isa = PBXGroup;
			children = (
				5295D6BB25F973E200C47D2B /* MyPlace */,
				5295D6CD25F973E600C47D2B /* MyPlaceTests */,
				5295D6D825F973E700C47D2B /* MyPlaceUITests */,
				5295D6BA25F973E200C47D2B /* Products */,
				7598185B70108449337BE47C /* Pods */,
				D470C04C91CCA9D6F4F440F9 /* Frameworks */,
			);
			sourceTree = "<group>";
		};
		5295D6BA25F973E200C47D2B /* Products */ = {
			isa = PBXGroup;
			children = (
				5295D6B925F973E200C47D2B /* MyPlace.app */,
				5295D6CA25F973E600C47D2B /* MyPlaceTests.xctest */,
				5295D6D525F973E700C47D2B /* MyPlaceUITests.xctest */,
			);
			name = Products;
			sourceTree = "<group>";
		};
		5295D6BB25F973E200C47D2B /* MyPlace */ = {
			isa = PBXGroup;
			children = (
				5295D6BC25F973E200C47D2B /* MyPlaceApp.swift */,
				52EDC04425FB69B700B0F3F9 /* AppDelegate.swift */,
				52E35BAD2641761300FE1D2A /* Repository */,
				52FABA6D2615A67C00F88DB5 /* Core */,
				52E35B9426415BB400FE1D2A /* Screens */,
				52EDC03C25FACE3600B0F3F9 /* Localizable.strings */,
				5295D6C025F973E600C47D2B /* Assets.xcassets */,
				5295D6C525F973E600C47D2B /* Info.plist */,
				52EDC02B25FAC8E600B0F3F9 /* GoogleService-Info.plist */,
				5295D6C225F973E600C47D2B /* Preview Content */,
			);
			path = MyPlace;
			sourceTree = "<group>";
		};
		5295D6C225F973E600C47D2B /* Preview Content */ = {
			isa = PBXGroup;
			children = (
				5295D6C325F973E600C47D2B /* Preview Assets.xcassets */,
			);
			path = "Preview Content";
			sourceTree = "<group>";
		};
		5295D6CD25F973E600C47D2B /* MyPlaceTests */ = {
			isa = PBXGroup;
			children = (
				5295D6CE25F973E600C47D2B /* MyPlaceTests.swift */,
				5295D6D025F973E700C47D2B /* Info.plist */,
			);
			path = MyPlaceTests;
			sourceTree = "<group>";
		};
		5295D6D825F973E700C47D2B /* MyPlaceUITests */ = {
			isa = PBXGroup;
			children = (
				5295D6D925F973E700C47D2B /* MyPlaceUITests.swift */,
				5295D6DB25F973E700C47D2B /* Info.plist */,
			);
			path = MyPlaceUITests;
			sourceTree = "<group>";
		};
		52B05F7A2647F47B00E22F06 /* AddPlace */ = {
			isa = PBXGroup;
			children = (
				524E919926488DA500F6D047 /* Views */,
				52B05F7B2647F48E00E22F06 /* AddPlaceView.swift */,
				52B05F832647F49C00E22F06 /* AddPlaceViewModel.swift */,
				52B05F8D26482EC100E22F06 /* AddPlaceTagsView.swift */,
				52B05F92264841FD00E22F06 /* AddPlaceAddTagsView.swift */,
			);
			path = AddPlace;
			sourceTree = "<group>";
		};
		52E35B9426415BB400FE1D2A /* Screens */ = {
			isa = PBXGroup;
			children = (
				52623076264EDAB20018730C /* PlaceDetail */,
				52B05F7A2647F47B00E22F06 /* AddPlace */,
				52E35C3E26444D3900FE1D2A /* Splash */,
				52E35C2A264444CD00FE1D2A /* MyPlaces */,
				52E35C29264444B900FE1D2A /* FriendsList */,
				52E35C1D264436D300FE1D2A /* Settings */,
				52E35C0126441C8F00FE1D2A /* Menu */,
				52E35BE62642DD8100FE1D2A /* MapView */,
				52E35B9526415BE700FE1D2A /* FirstPage */,
				52E35BB62641FA9A00FE1D2A /* RegisterFirst */,
				52E35B9F2641618D00FE1D2A /* RegisterSecond */,
				52E35B9E2641618400FE1D2A /* Login */,
			);
			path = Screens;
			sourceTree = "<group>";
		};
		52E35B9526415BE700FE1D2A /* FirstPage */ = {
			isa = PBXGroup;
			children = (
				5295D6BE25F973E200C47D2B /* FirstPageView.swift */,
				52E35B9626415C0D00FE1D2A /* FirstPageViewModel.swift */,
			);
			path = FirstPage;
			sourceTree = "<group>";
		};
		52E35B9E2641618400FE1D2A /* Login */ = {
			isa = PBXGroup;
			children = (
				52EDC03025FAC99900B0F3F9 /* LogInView.swift */,
				52E35BA8264161CE00FE1D2A /* LoginViewModel.swift */,
			);
			path = Login;
			sourceTree = "<group>";
		};
		52E35B9F2641618D00FE1D2A /* RegisterSecond */ = {
			isa = PBXGroup;
			children = (
				5295D70225F97FE400C47D2B /* RegisterSecondView.swift */,
				52E35BA0264161B100FE1D2A /* RegisterSecondViewModel.swift */,
			);
			path = RegisterSecond;
			sourceTree = "<group>";
		};
		52E35BAD2641761300FE1D2A /* Repository */ = {
			isa = PBXGroup;
			children = (
				52E35BAE2641764D00FE1D2A /* FirebaseRepository.swift */,
				52E35C3926444BE200FE1D2A /* UserInfo.swift */,
			);
			path = Repository;
			sourceTree = "<group>";
		};
		52E35BB62641FA9A00FE1D2A /* RegisterFirst */ = {
			isa = PBXGroup;
			children = (
				52E35BB72641FAD600FE1D2A /* RegisterFirstView.swift */,
				52E35BC22641FDCD00FE1D2A /* RegisterFirstViewModel.swift */,
			);
			path = RegisterFirst;
			sourceTree = "<group>";
		};
		52E35BCC2642985100FE1D2A /* Extensions */ = {
			isa = PBXGroup;
			children = (
				52E35BCD2642986A00FE1D2A /* ViewExtensions.swift */,
				52E35C672645443300FE1D2A /* ImageExtensions.swift */,
			);
			path = Extensions;
			sourceTree = "<group>";
		};
		52E35BD52642B6B700FE1D2A /* Helpers */ = {
			isa = PBXGroup;
			children = (
				52E35BD62642B6CF00FE1D2A /* ImagePicker.swift */,
			);
			path = Helpers;
			sourceTree = "<group>";
		};
		52E35BE62642DD8100FE1D2A /* MapView */ = {
			isa = PBXGroup;
			children = (
				52E35BE72642DD9300FE1D2A /* MapView.swift */,
				52E35BF426431E1A00FE1D2A /* MapUIView.swift */,
				52E35BF926431EB100FE1D2A /* MapViewModel.swift */,
			);
			path = MapView;
			sourceTree = "<group>";
		};
		52E35C0126441C8F00FE1D2A /* Menu */ = {
			isa = PBXGroup;
			children = (
				52E35C0226441C9E00FE1D2A /* MenuView.swift */,
				52E35C0A26441CAE00FE1D2A /* MenuViewModel.swift */,
				52E35C2426443A6900FE1D2A /* MenuCellView.swift */,
			);
			path = Menu;
			sourceTree = "<group>";
		};
		52E35C1D264436D300FE1D2A /* Settings */ = {
			isa = PBXGroup;
			children = (
				52E35C1E264436E800FE1D2A /* SettingsView.swift */,
				52E35C7126456E3300FE1D2A /* SettingsViewModel.swift */,
			);
			path = Settings;
			sourceTree = "<group>";
		};
		52E35C29264444B900FE1D2A /* FriendsList */ = {
			isa = PBXGroup;
			children = (
				52E35C2C2644451C00FE1D2A /* FriendsListView.swift */,
				52E35C622644BDE400FE1D2A /* FriendsListCellView.swift */,
				52E35C5D2644B8F800FE1D2A /* FriendsListViewModel.swift */,
			);
			path = FriendsList;
			sourceTree = "<group>";
		};
		52E35C2A264444CD00FE1D2A /* MyPlaces */ = {
			isa = PBXGroup;
			children = (
				52E35C342644452C00FE1D2A /* MyPlacesView.swift */,
				52623064264C390E0018730C /* MyPlacesViewModel.swift */,
				52623069264E76160018730C /* MyPlacesCellView.swift */,
			);
			path = MyPlaces;
			sourceTree = "<group>";
		};
		52E35C3E26444D3900FE1D2A /* Splash */ = {
			isa = PBXGroup;
			children = (
				52E35C3F26444D4F00FE1D2A /* SplashView.swift */,
				52E35C472644504600FE1D2A /* SplashLoadingView.swift */,
				52E35C6C26454EEB00FE1D2A /* SplashViewModel.swift */,
			);
			path = Splash;
			sourceTree = "<group>";
		};
		52FABA6D2615A67C00F88DB5 /* Core */ = {
			isa = PBXGroup;
			children = (
				52E35BD52642B6B700FE1D2A /* Helpers */,
				52E35BCC2642985100FE1D2A /* Extensions */,
				52FABA742615A8EF00F88DB5 /* Models */,
				52FABA6E2615A68700F88DB5 /* Views */,
			);
			path = Core;
			sourceTree = "<group>";
		};
		52FABA6E2615A68700F88DB5 /* Views */ = {
			isa = PBXGroup;
			children = (
				52FABA6F2615A6A400F88DB5 /* FirebaseImage.swift */,
				52F993DE263EA4F600B5FAB0 /* ButtonStyleRegular.swift */,
				52E35B8C26415A8100FE1D2A /* FormTextView.swift */,
				52E35BC726428C2500FE1D2A /* LoadingView.swift */,
				52E35BEF2642EB0200FE1D2A /* ActivityView.swift */,
				52E35C762645839300FE1D2A /* ViewModifiers.swift */,
				52E35C7B2646BF9400FE1D2A /* MapBottomMenuIcon.swift */,
			);
			path = Views;
			sourceTree = "<group>";
		};
		52FABA742615A8EF00F88DB5 /* Models */ = {
			isa = PBXGroup;
			children = (
				5295D70725F98A9200C47D2B /* User.swift */,
				52FABA752615A92A00F88DB5 /* ImageLoader.swift */,
				52BE2C532626F080000DB5D4 /* Place.swift */,
				52E35C0F26442CDB00FE1D2A /* MenuItem.swift */,
				52E35C5526446B8800FE1D2A /* FIRKeys.swift */,
				52B05F882648039700E22F06 /* Tag.swift */,
				52623044264BD6EC0018730C /* PlaceMarkAddress.swift */,
			);
			path = Models;
			sourceTree = "<group>";
		};
		7598185B70108449337BE47C /* Pods */ = {
			isa = PBXGroup;
			children = (
				AD34C117D6F1AC46A0A52463 /* Pods-MyPlace.debug.xcconfig */,
				842B1B8B213968031EA6399A /* Pods-MyPlace.release.xcconfig */,
				D08E374B1F95C2D44CAF29DF /* Pods-MyPlace-MyPlaceUITests.debug.xcconfig */,
				2AC5EFBDF9079C98064E973A /* Pods-MyPlace-MyPlaceUITests.release.xcconfig */,
				5A0DF2BD1DBC5C7F283B33A0 /* Pods-MyPlaceTests.debug.xcconfig */,
				E45482828D86FDFDE080AF11 /* Pods-MyPlaceTests.release.xcconfig */,
			);
			path = Pods;
			sourceTree = "<group>";
		};
		D470C04C91CCA9D6F4F440F9 /* Frameworks */ = {
			isa = PBXGroup;
			children = (
				3F9151435807468970BA59B7 /* Pods_MyPlace.framework */,
				6638A239191D647980810499 /* Pods_MyPlace_MyPlaceUITests.framework */,
				EF027AF48AB68D3A37B7D8BD /* Pods_MyPlaceTests.framework */,
			);
			name = Frameworks;
			sourceTree = "<group>";
		};
/* End PBXGroup section */

/* Begin PBXNativeTarget section */
		5295D6B825F973E200C47D2B /* MyPlace */ = {
			isa = PBXNativeTarget;
			buildConfigurationList = 5295D6DE25F973E700C47D2B /* Build configuration list for PBXNativeTarget "MyPlace" */;
			buildPhases = (
				83046C66C07F58F5FC9B603E /* [CP] Check Pods Manifest.lock */,
				5295D6B525F973E200C47D2B /* Sources */,
				5295D6B625F973E200C47D2B /* Frameworks */,
				5295D6B725F973E200C47D2B /* Resources */,
				D9522579BEFB84D767978763 /* [CP] Embed Pods Frameworks */,
			);
			buildRules = (
			);
			dependencies = (
			);
			name = MyPlace;
			productName = MyPlace;
			productReference = 5295D6B925F973E200C47D2B /* MyPlace.app */;
			productType = "com.apple.product-type.application";
		};
		5295D6C925F973E600C47D2B /* MyPlaceTests */ = {
			isa = PBXNativeTarget;
			buildConfigurationList = 5295D6E125F973E700C47D2B /* Build configuration list for PBXNativeTarget "MyPlaceTests" */;
			buildPhases = (
				BD246258B78B2B7A8FC7F153 /* [CP] Check Pods Manifest.lock */,
				5295D6C625F973E600C47D2B /* Sources */,
				5295D6C725F973E600C47D2B /* Frameworks */,
				5295D6C825F973E600C47D2B /* Resources */,
			);
			buildRules = (
			);
			dependencies = (
				5295D6CC25F973E600C47D2B /* PBXTargetDependency */,
			);
			name = MyPlaceTests;
			productName = MyPlaceTests;
			productReference = 5295D6CA25F973E600C47D2B /* MyPlaceTests.xctest */;
			productType = "com.apple.product-type.bundle.unit-test";
		};
		5295D6D425F973E700C47D2B /* MyPlaceUITests */ = {
			isa = PBXNativeTarget;
			buildConfigurationList = 5295D6E425F973E700C47D2B /* Build configuration list for PBXNativeTarget "MyPlaceUITests" */;
			buildPhases = (
				D9EDC9C3EB703E68C50809F9 /* [CP] Check Pods Manifest.lock */,
				5295D6D125F973E700C47D2B /* Sources */,
				5295D6D225F973E700C47D2B /* Frameworks */,
				5295D6D325F973E700C47D2B /* Resources */,
				FE24769D182EB89A2A183667 /* [CP] Embed Pods Frameworks */,
			);
			buildRules = (
			);
			dependencies = (
				5295D6D725F973E700C47D2B /* PBXTargetDependency */,
			);
			name = MyPlaceUITests;
			productName = MyPlaceUITests;
			productReference = 5295D6D525F973E700C47D2B /* MyPlaceUITests.xctest */;
			productType = "com.apple.product-type.bundle.ui-testing";
		};
/* End PBXNativeTarget section */

/* Begin PBXProject section */
		5295D6B125F973E200C47D2B /* Project object */ = {
			isa = PBXProject;
			attributes = {
				LastSwiftUpdateCheck = 1240;
				LastUpgradeCheck = 1240;
				TargetAttributes = {
					5295D6B825F973E200C47D2B = {
						CreatedOnToolsVersion = 12.4;
					};
					5295D6C925F973E600C47D2B = {
						CreatedOnToolsVersion = 12.4;
						TestTargetID = 5295D6B825F973E200C47D2B;
					};
					5295D6D425F973E700C47D2B = {
						CreatedOnToolsVersion = 12.4;
						TestTargetID = 5295D6B825F973E200C47D2B;
					};
				};
			};
			buildConfigurationList = 5295D6B425F973E200C47D2B /* Build configuration list for PBXProject "MyPlace" */;
			compatibilityVersion = "Xcode 9.3";
			developmentRegion = en;
			hasScannedForEncodings = 0;
			knownRegions = (
				en,
				Base,
				sv,
			);
			mainGroup = 5295D6B025F973E200C47D2B;
			productRefGroup = 5295D6BA25F973E200C47D2B /* Products */;
			projectDirPath = "";
			projectRoot = "";
			targets = (
				5295D6B825F973E200C47D2B /* MyPlace */,
				5295D6C925F973E600C47D2B /* MyPlaceTests */,
				5295D6D425F973E700C47D2B /* MyPlaceUITests */,
			);
		};
/* End PBXProject section */

/* Begin PBXResourcesBuildPhase section */
		5295D6B725F973E200C47D2B /* Resources */ = {
			isa = PBXResourcesBuildPhase;
			buildActionMask = 2147483647;
			files = (
				5295D6C425F973E600C47D2B /* Preview Assets.xcassets in Resources */,
				52EDC03A25FACE3600B0F3F9 /* Localizable.strings in Resources */,
				5295D6C125F973E600C47D2B /* Assets.xcassets in Resources */,
				52EDC02C25FAC8E600B0F3F9 /* GoogleService-Info.plist in Resources */,
			);
			runOnlyForDeploymentPostprocessing = 0;
		};
		5295D6C825F973E600C47D2B /* Resources */ = {
			isa = PBXResourcesBuildPhase;
			buildActionMask = 2147483647;
			files = (
			);
			runOnlyForDeploymentPostprocessing = 0;
		};
		5295D6D325F973E700C47D2B /* Resources */ = {
			isa = PBXResourcesBuildPhase;
			buildActionMask = 2147483647;
			files = (
			);
			runOnlyForDeploymentPostprocessing = 0;
		};
/* End PBXResourcesBuildPhase section */

/* Begin PBXShellScriptBuildPhase section */
		83046C66C07F58F5FC9B603E /* [CP] Check Pods Manifest.lock */ = {
			isa = PBXShellScriptBuildPhase;
			buildActionMask = 2147483647;
			files = (
			);
			inputFileListPaths = (
			);
			inputPaths = (
				"${PODS_PODFILE_DIR_PATH}/Podfile.lock",
				"${PODS_ROOT}/Manifest.lock",
			);
			name = "[CP] Check Pods Manifest.lock";
			outputFileListPaths = (
			);
			outputPaths = (
				"$(DERIVED_FILE_DIR)/Pods-MyPlace-checkManifestLockResult.txt",
			);
			runOnlyForDeploymentPostprocessing = 0;
			shellPath = /bin/sh;
			shellScript = "diff \"${PODS_PODFILE_DIR_PATH}/Podfile.lock\" \"${PODS_ROOT}/Manifest.lock\" > /dev/null\nif [ $? != 0 ] ; then\n    # print error to STDERR\n    echo \"error: The sandbox is not in sync with the Podfile.lock. Run 'pod install' or update your CocoaPods installation.\" >&2\n    exit 1\nfi\n# This output is used by Xcode 'outputs' to avoid re-running this script phase.\necho \"SUCCESS\" > \"${SCRIPT_OUTPUT_FILE_0}\"\n";
			showEnvVarsInLog = 0;
		};
		BD246258B78B2B7A8FC7F153 /* [CP] Check Pods Manifest.lock */ = {
			isa = PBXShellScriptBuildPhase;
			buildActionMask = 2147483647;
			files = (
			);
			inputFileListPaths = (
			);
			inputPaths = (
				"${PODS_PODFILE_DIR_PATH}/Podfile.lock",
				"${PODS_ROOT}/Manifest.lock",
			);
			name = "[CP] Check Pods Manifest.lock";
			outputFileListPaths = (
			);
			outputPaths = (
				"$(DERIVED_FILE_DIR)/Pods-MyPlaceTests-checkManifestLockResult.txt",
			);
			runOnlyForDeploymentPostprocessing = 0;
			shellPath = /bin/sh;
			shellScript = "diff \"${PODS_PODFILE_DIR_PATH}/Podfile.lock\" \"${PODS_ROOT}/Manifest.lock\" > /dev/null\nif [ $? != 0 ] ; then\n    # print error to STDERR\n    echo \"error: The sandbox is not in sync with the Podfile.lock. Run 'pod install' or update your CocoaPods installation.\" >&2\n    exit 1\nfi\n# This output is used by Xcode 'outputs' to avoid re-running this script phase.\necho \"SUCCESS\" > \"${SCRIPT_OUTPUT_FILE_0}\"\n";
			showEnvVarsInLog = 0;
		};
		D9522579BEFB84D767978763 /* [CP] Embed Pods Frameworks */ = {
			isa = PBXShellScriptBuildPhase;
			buildActionMask = 2147483647;
			files = (
			);
			inputFileListPaths = (
				"${PODS_ROOT}/Target Support Files/Pods-MyPlace/Pods-MyPlace-frameworks-${CONFIGURATION}-input-files.xcfilelist",
			);
			name = "[CP] Embed Pods Frameworks";
			outputFileListPaths = (
				"${PODS_ROOT}/Target Support Files/Pods-MyPlace/Pods-MyPlace-frameworks-${CONFIGURATION}-output-files.xcfilelist",
			);
			runOnlyForDeploymentPostprocessing = 0;
			shellPath = /bin/sh;
			shellScript = "\"${PODS_ROOT}/Target Support Files/Pods-MyPlace/Pods-MyPlace-frameworks.sh\"\n";
			showEnvVarsInLog = 0;
		};
		D9EDC9C3EB703E68C50809F9 /* [CP] Check Pods Manifest.lock */ = {
			isa = PBXShellScriptBuildPhase;
			buildActionMask = 2147483647;
			files = (
			);
			inputFileListPaths = (
			);
			inputPaths = (
				"${PODS_PODFILE_DIR_PATH}/Podfile.lock",
				"${PODS_ROOT}/Manifest.lock",
			);
			name = "[CP] Check Pods Manifest.lock";
			outputFileListPaths = (
			);
			outputPaths = (
				"$(DERIVED_FILE_DIR)/Pods-MyPlace-MyPlaceUITests-checkManifestLockResult.txt",
			);
			runOnlyForDeploymentPostprocessing = 0;
			shellPath = /bin/sh;
			shellScript = "diff \"${PODS_PODFILE_DIR_PATH}/Podfile.lock\" \"${PODS_ROOT}/Manifest.lock\" > /dev/null\nif [ $? != 0 ] ; then\n    # print error to STDERR\n    echo \"error: The sandbox is not in sync with the Podfile.lock. Run 'pod install' or update your CocoaPods installation.\" >&2\n    exit 1\nfi\n# This output is used by Xcode 'outputs' to avoid re-running this script phase.\necho \"SUCCESS\" > \"${SCRIPT_OUTPUT_FILE_0}\"\n";
			showEnvVarsInLog = 0;
		};
		FE24769D182EB89A2A183667 /* [CP] Embed Pods Frameworks */ = {
			isa = PBXShellScriptBuildPhase;
			buildActionMask = 2147483647;
			files = (
			);
			inputFileListPaths = (
				"${PODS_ROOT}/Target Support Files/Pods-MyPlace-MyPlaceUITests/Pods-MyPlace-MyPlaceUITests-frameworks-${CONFIGURATION}-input-files.xcfilelist",
			);
			name = "[CP] Embed Pods Frameworks";
			outputFileListPaths = (
				"${PODS_ROOT}/Target Support Files/Pods-MyPlace-MyPlaceUITests/Pods-MyPlace-MyPlaceUITests-frameworks-${CONFIGURATION}-output-files.xcfilelist",
			);
			runOnlyForDeploymentPostprocessing = 0;
			shellPath = /bin/sh;
			shellScript = "\"${PODS_ROOT}/Target Support Files/Pods-MyPlace-MyPlaceUITests/Pods-MyPlace-MyPlaceUITests-frameworks.sh\"\n";
			showEnvVarsInLog = 0;
		};
/* End PBXShellScriptBuildPhase section */

/* Begin PBXSourcesBuildPhase section */
		5295D6B525F973E200C47D2B /* Sources */ = {
			isa = PBXSourcesBuildPhase;
			buildActionMask = 2147483647;
			files = (
				52E35B9726415C0D00FE1D2A /* FirstPageViewModel.swift in Sources */,
				52FABA702615A6A500F88DB5 /* FirebaseImage.swift in Sources */,
				52EDC04525FB69B700B0F3F9 /* AppDelegate.swift in Sources */,
				52B05F8E26482EC100E22F06 /* AddPlaceTagsView.swift in Sources */,
				52E35C5626446B8900FE1D2A /* FIRKeys.swift in Sources */,
				52E35C0B26441CAE00FE1D2A /* MenuViewModel.swift in Sources */,
				52F993DF263EA4F700B5FAB0 /* ButtonStyleRegular.swift in Sources */,
				5262301E264934B80018730C /* TagCell.swift in Sources */,
				52E35BF526431E1A00FE1D2A /* MapUIView.swift in Sources */,
				52EDC03125FAC99900B0F3F9 /* LogInView.swift in Sources */,
				5295D70825F98A9200C47D2B /* User.swift in Sources */,
				52B05F7C2647F48E00E22F06 /* AddPlaceView.swift in Sources */,
				52E35BA9264161CE00FE1D2A /* LoginViewModel.swift in Sources */,
				52E35BE82642DD9300FE1D2A /* MapView.swift in Sources */,
				52E35C352644452C00FE1D2A /* MyPlacesView.swift in Sources */,
				52E35C2526443A6900FE1D2A /* MenuCellView.swift in Sources */,
				5295D70325F97FE400C47D2B /* RegisterSecondView.swift in Sources */,
				52E35BC32641FDCD00FE1D2A /* RegisterFirstViewModel.swift in Sources */,
				52E35C7226456E3400FE1D2A /* SettingsViewModel.swift in Sources */,
				52B05F93264841FD00E22F06 /* AddPlaceAddTagsView.swift in Sources */,
				52E35BAF2641764D00FE1D2A /* FirebaseRepository.swift in Sources */,
				52E35C2D2644451C00FE1D2A /* FriendsListView.swift in Sources */,
				52E35BF02642EB0200FE1D2A /* ActivityView.swift in Sources */,
				52E35C632644BDE400FE1D2A /* FriendsListCellView.swift in Sources */,
				52E35B8D26415A8100FE1D2A /* FormTextView.swift in Sources */,
				52E35C482644504600FE1D2A /* SplashLoadingView.swift in Sources */,
				5262304026495F2A0018730C /* AddedPhotosView.swift in Sources */,
				52E35C6D26454EEB00FE1D2A /* SplashViewModel.swift in Sources */,
				52B05F842647F49C00E22F06 /* AddPlaceViewModel.swift in Sources */,
				52E35BCE2642986A00FE1D2A /* ViewExtensions.swift in Sources */,
				52E35C0326441C9E00FE1D2A /* MenuView.swift in Sources */,
				52E35C3A26444BE200FE1D2A /* UserInfo.swift in Sources */,
				52E35BB82641FAD600FE1D2A /* RegisterFirstView.swift in Sources */,
				52E35BA1264161B100FE1D2A /* RegisterSecondViewModel.swift in Sources */,
				52E35C4026444D4F00FE1D2A /* SplashView.swift in Sources */,
				5295D6BF25F973E200C47D2B /* FirstPageView.swift in Sources */,
				52BE2C542626F080000DB5D4 /* Place.swift in Sources */,
				52E35C772645839300FE1D2A /* ViewModifiers.swift in Sources */,
				52623078264EDAC20018730C /* PlaceDetailView.swift in Sources */,
				52E35C682645443400FE1D2A /* ImageExtensions.swift in Sources */,
				52E35C5E2644B8F800FE1D2A /* FriendsListViewModel.swift in Sources */,
				52E35C1F264436E900FE1D2A /* SettingsView.swift in Sources */,
				52623080264EDAEF0018730C /* PlaceDetailViewModel.swift in Sources */,
				5262306A264E76170018730C /* MyPlacesCellView.swift in Sources */,
				52FABA762615A92A00F88DB5 /* ImageLoader.swift in Sources */,
				52E35BD72642B6CF00FE1D2A /* ImagePicker.swift in Sources */,
				5295D6BD25F973E200C47D2B /* MyPlaceApp.swift in Sources */,
				52623065264C390E0018730C /* MyPlacesViewModel.swift in Sources */,
				52E35C1026442CDC00FE1D2A /* MenuItem.swift in Sources */,
				52E35BC826428C2600FE1D2A /* LoadingView.swift in Sources */,
				52B05F892648039700E22F06 /* Tag.swift in Sources */,
				52623045264BD6ED0018730C /* PlaceMarkAddress.swift in Sources */,
				52E35BFA26431EB100FE1D2A /* MapViewModel.swift in Sources */,
				52E35C7C2646BF9400FE1D2A /* MapBottomMenuIcon.swift in Sources */,
				5262301826489D250018730C /* AddTagsView.swift in Sources */,
			);
			runOnlyForDeploymentPostprocessing = 0;
		};
		5295D6C625F973E600C47D2B /* Sources */ = {
			isa = PBXSourcesBuildPhase;
			buildActionMask = 2147483647;
			files = (
				5295D6CF25F973E600C47D2B /* MyPlaceTests.swift in Sources */,
			);
			runOnlyForDeploymentPostprocessing = 0;
		};
		5295D6D125F973E700C47D2B /* Sources */ = {
			isa = PBXSourcesBuildPhase;
			buildActionMask = 2147483647;
			files = (
				5295D6DA25F973E700C47D2B /* MyPlaceUITests.swift in Sources */,
			);
			runOnlyForDeploymentPostprocessing = 0;
		};
/* End PBXSourcesBuildPhase section */

/* Begin PBXTargetDependency section */
		5295D6CC25F973E600C47D2B /* PBXTargetDependency */ = {
			isa = PBXTargetDependency;
			target = 5295D6B825F973E200C47D2B /* MyPlace */;
			targetProxy = 5295D6CB25F973E600C47D2B /* PBXContainerItemProxy */;
		};
		5295D6D725F973E700C47D2B /* PBXTargetDependency */ = {
			isa = PBXTargetDependency;
			target = 5295D6B825F973E200C47D2B /* MyPlace */;
			targetProxy = 5295D6D625F973E700C47D2B /* PBXContainerItemProxy */;
		};
/* End PBXTargetDependency section */

/* Begin PBXVariantGroup section */
		52EDC03C25FACE3600B0F3F9 /* Localizable.strings */ = {
			isa = PBXVariantGroup;
			children = (
				52EDC03B25FACE3600B0F3F9 /* en */,
				52EDC04025FACE3E00B0F3F9 /* sv */,
			);
			name = Localizable.strings;
			sourceTree = "<group>";
		};
/* End PBXVariantGroup section */

/* Begin XCBuildConfiguration section */
		5295D6DC25F973E700C47D2B /* Debug */ = {
			isa = XCBuildConfiguration;
			buildSettings = {
				ALWAYS_SEARCH_USER_PATHS = NO;
				CLANG_ANALYZER_NONNULL = YES;
				CLANG_ANALYZER_NUMBER_OBJECT_CONVERSION = YES_AGGRESSIVE;
				CLANG_CXX_LANGUAGE_STANDARD = "gnu++14";
				CLANG_CXX_LIBRARY = "libc++";
				CLANG_ENABLE_MODULES = YES;
				CLANG_ENABLE_OBJC_ARC = YES;
				CLANG_ENABLE_OBJC_WEAK = YES;
				CLANG_WARN_BLOCK_CAPTURE_AUTORELEASING = YES;
				CLANG_WARN_BOOL_CONVERSION = YES;
				CLANG_WARN_COMMA = YES;
				CLANG_WARN_CONSTANT_CONVERSION = YES;
				CLANG_WARN_DEPRECATED_OBJC_IMPLEMENTATIONS = YES;
				CLANG_WARN_DIRECT_OBJC_ISA_USAGE = YES_ERROR;
				CLANG_WARN_DOCUMENTATION_COMMENTS = YES;
				CLANG_WARN_EMPTY_BODY = YES;
				CLANG_WARN_ENUM_CONVERSION = YES;
				CLANG_WARN_INFINITE_RECURSION = YES;
				CLANG_WARN_INT_CONVERSION = YES;
				CLANG_WARN_NON_LITERAL_NULL_CONVERSION = YES;
				CLANG_WARN_OBJC_IMPLICIT_RETAIN_SELF = YES;
				CLANG_WARN_OBJC_LITERAL_CONVERSION = YES;
				CLANG_WARN_OBJC_ROOT_CLASS = YES_ERROR;
				CLANG_WARN_QUOTED_INCLUDE_IN_FRAMEWORK_HEADER = YES;
				CLANG_WARN_RANGE_LOOP_ANALYSIS = YES;
				CLANG_WARN_STRICT_PROTOTYPES = YES;
				CLANG_WARN_SUSPICIOUS_MOVE = YES;
				CLANG_WARN_UNGUARDED_AVAILABILITY = YES_AGGRESSIVE;
				CLANG_WARN_UNREACHABLE_CODE = YES;
				CLANG_WARN__DUPLICATE_METHOD_MATCH = YES;
				COPY_PHASE_STRIP = NO;
				DEBUG_INFORMATION_FORMAT = dwarf;
				ENABLE_STRICT_OBJC_MSGSEND = YES;
				ENABLE_TESTABILITY = YES;
				GCC_C_LANGUAGE_STANDARD = gnu11;
				GCC_DYNAMIC_NO_PIC = NO;
				GCC_NO_COMMON_BLOCKS = YES;
				GCC_OPTIMIZATION_LEVEL = 0;
				GCC_PREPROCESSOR_DEFINITIONS = (
					"DEBUG=1",
					"$(inherited)",
				);
				GCC_WARN_64_TO_32_BIT_CONVERSION = YES;
				GCC_WARN_ABOUT_RETURN_TYPE = YES_ERROR;
				GCC_WARN_UNDECLARED_SELECTOR = YES;
				GCC_WARN_UNINITIALIZED_AUTOS = YES_AGGRESSIVE;
				GCC_WARN_UNUSED_FUNCTION = YES;
				GCC_WARN_UNUSED_VARIABLE = YES;
				IPHONEOS_DEPLOYMENT_TARGET = 14.4;
				MTL_ENABLE_DEBUG_INFO = INCLUDE_SOURCE;
				MTL_FAST_MATH = YES;
				ONLY_ACTIVE_ARCH = YES;
				SDKROOT = iphoneos;
				SWIFT_ACTIVE_COMPILATION_CONDITIONS = DEBUG;
				SWIFT_OPTIMIZATION_LEVEL = "-Onone";
			};
			name = Debug;
		};
		5295D6DD25F973E700C47D2B /* Release */ = {
			isa = XCBuildConfiguration;
			buildSettings = {
				ALWAYS_SEARCH_USER_PATHS = NO;
				CLANG_ANALYZER_NONNULL = YES;
				CLANG_ANALYZER_NUMBER_OBJECT_CONVERSION = YES_AGGRESSIVE;
				CLANG_CXX_LANGUAGE_STANDARD = "gnu++14";
				CLANG_CXX_LIBRARY = "libc++";
				CLANG_ENABLE_MODULES = YES;
				CLANG_ENABLE_OBJC_ARC = YES;
				CLANG_ENABLE_OBJC_WEAK = YES;
				CLANG_WARN_BLOCK_CAPTURE_AUTORELEASING = YES;
				CLANG_WARN_BOOL_CONVERSION = YES;
				CLANG_WARN_COMMA = YES;
				CLANG_WARN_CONSTANT_CONVERSION = YES;
				CLANG_WARN_DEPRECATED_OBJC_IMPLEMENTATIONS = YES;
				CLANG_WARN_DIRECT_OBJC_ISA_USAGE = YES_ERROR;
				CLANG_WARN_DOCUMENTATION_COMMENTS = YES;
				CLANG_WARN_EMPTY_BODY = YES;
				CLANG_WARN_ENUM_CONVERSION = YES;
				CLANG_WARN_INFINITE_RECURSION = YES;
				CLANG_WARN_INT_CONVERSION = YES;
				CLANG_WARN_NON_LITERAL_NULL_CONVERSION = YES;
				CLANG_WARN_OBJC_IMPLICIT_RETAIN_SELF = YES;
				CLANG_WARN_OBJC_LITERAL_CONVERSION = YES;
				CLANG_WARN_OBJC_ROOT_CLASS = YES_ERROR;
				CLANG_WARN_QUOTED_INCLUDE_IN_FRAMEWORK_HEADER = YES;
				CLANG_WARN_RANGE_LOOP_ANALYSIS = YES;
				CLANG_WARN_STRICT_PROTOTYPES = YES;
				CLANG_WARN_SUSPICIOUS_MOVE = YES;
				CLANG_WARN_UNGUARDED_AVAILABILITY = YES_AGGRESSIVE;
				CLANG_WARN_UNREACHABLE_CODE = YES;
				CLANG_WARN__DUPLICATE_METHOD_MATCH = YES;
				COPY_PHASE_STRIP = NO;
				DEBUG_INFORMATION_FORMAT = "dwarf-with-dsym";
				ENABLE_NS_ASSERTIONS = NO;
				ENABLE_STRICT_OBJC_MSGSEND = YES;
				GCC_C_LANGUAGE_STANDARD = gnu11;
				GCC_NO_COMMON_BLOCKS = YES;
				GCC_WARN_64_TO_32_BIT_CONVERSION = YES;
				GCC_WARN_ABOUT_RETURN_TYPE = YES_ERROR;
				GCC_WARN_UNDECLARED_SELECTOR = YES;
				GCC_WARN_UNINITIALIZED_AUTOS = YES_AGGRESSIVE;
				GCC_WARN_UNUSED_FUNCTION = YES;
				GCC_WARN_UNUSED_VARIABLE = YES;
				IPHONEOS_DEPLOYMENT_TARGET = 14.4;
				MTL_ENABLE_DEBUG_INFO = NO;
				MTL_FAST_MATH = YES;
				SDKROOT = iphoneos;
				SWIFT_COMPILATION_MODE = wholemodule;
				SWIFT_OPTIMIZATION_LEVEL = "-O";
				VALIDATE_PRODUCT = YES;
			};
			name = Release;
		};
		5295D6DF25F973E700C47D2B /* Debug */ = {
			isa = XCBuildConfiguration;
			baseConfigurationReference = AD34C117D6F1AC46A0A52463 /* Pods-MyPlace.debug.xcconfig */;
			buildSettings = {
				ASSETCATALOG_COMPILER_APPICON_NAME = AppIcon;
				ASSETCATALOG_COMPILER_GLOBAL_ACCENT_COLOR_NAME = AccentColor;
				CODE_SIGN_STYLE = Automatic;
				DEVELOPMENT_ASSET_PATHS = "\"MyPlace/Preview Content\"";
				DEVELOPMENT_TEAM = 9N6DY9LAD5;
				ENABLE_PREVIEWS = YES;
				INFOPLIST_FILE = MyPlace/Info.plist;
				IPHONEOS_DEPLOYMENT_TARGET = 14.0;
				LD_RUNPATH_SEARCH_PATHS = (
					"$(inherited)",
					"@executable_path/Frameworks",
				);
				PRODUCT_BUNDLE_IDENTIFIER = com.peterszucs.MyPlace;
				PRODUCT_NAME = "$(TARGET_NAME)";
				SWIFT_VERSION = 5.0;
				TARGETED_DEVICE_FAMILY = "1,2";
			};
			name = Debug;
		};
		5295D6E025F973E700C47D2B /* Release */ = {
			isa = XCBuildConfiguration;
			baseConfigurationReference = 842B1B8B213968031EA6399A /* Pods-MyPlace.release.xcconfig */;
			buildSettings = {
				ASSETCATALOG_COMPILER_APPICON_NAME = AppIcon;
				ASSETCATALOG_COMPILER_GLOBAL_ACCENT_COLOR_NAME = AccentColor;
				CODE_SIGN_STYLE = Automatic;
				DEVELOPMENT_ASSET_PATHS = "\"MyPlace/Preview Content\"";
				DEVELOPMENT_TEAM = 9N6DY9LAD5;
				ENABLE_PREVIEWS = YES;
				INFOPLIST_FILE = MyPlace/Info.plist;
				IPHONEOS_DEPLOYMENT_TARGET = 14.0;
				LD_RUNPATH_SEARCH_PATHS = (
					"$(inherited)",
					"@executable_path/Frameworks",
				);
				PRODUCT_BUNDLE_IDENTIFIER = com.peterszucs.MyPlace;
				PRODUCT_NAME = "$(TARGET_NAME)";
				SWIFT_VERSION = 5.0;
				TARGETED_DEVICE_FAMILY = "1,2";
			};
			name = Release;
		};
		5295D6E225F973E700C47D2B /* Debug */ = {
			isa = XCBuildConfiguration;
			baseConfigurationReference = 5A0DF2BD1DBC5C7F283B33A0 /* Pods-MyPlaceTests.debug.xcconfig */;
			buildSettings = {
				ALWAYS_EMBED_SWIFT_STANDARD_LIBRARIES = YES;
				BUNDLE_LOADER = "$(TEST_HOST)";
				CODE_SIGN_STYLE = Automatic;
				DEVELOPMENT_TEAM = 9N6DY9LAD5;
				INFOPLIST_FILE = MyPlaceTests/Info.plist;
				IPHONEOS_DEPLOYMENT_TARGET = 14.0;
				LD_RUNPATH_SEARCH_PATHS = (
					"$(inherited)",
					"@executable_path/Frameworks",
					"@loader_path/Frameworks",
				);
				PRODUCT_BUNDLE_IDENTIFIER = com.peterszucs.MyPlaceTests;
				PRODUCT_NAME = "$(TARGET_NAME)";
				SWIFT_VERSION = 5.0;
				TARGETED_DEVICE_FAMILY = "1,2";
				TEST_HOST = "$(BUILT_PRODUCTS_DIR)/MyPlace.app/MyPlace";
			};
			name = Debug;
		};
		5295D6E325F973E700C47D2B /* Release */ = {
			isa = XCBuildConfiguration;
			baseConfigurationReference = E45482828D86FDFDE080AF11 /* Pods-MyPlaceTests.release.xcconfig */;
			buildSettings = {
				ALWAYS_EMBED_SWIFT_STANDARD_LIBRARIES = YES;
				BUNDLE_LOADER = "$(TEST_HOST)";
				CODE_SIGN_STYLE = Automatic;
				DEVELOPMENT_TEAM = 9N6DY9LAD5;
				INFOPLIST_FILE = MyPlaceTests/Info.plist;
				IPHONEOS_DEPLOYMENT_TARGET = 14.0;
				LD_RUNPATH_SEARCH_PATHS = (
					"$(inherited)",
					"@executable_path/Frameworks",
					"@loader_path/Frameworks",
				);
				PRODUCT_BUNDLE_IDENTIFIER = com.peterszucs.MyPlaceTests;
				PRODUCT_NAME = "$(TARGET_NAME)";
				SWIFT_VERSION = 5.0;
				TARGETED_DEVICE_FAMILY = "1,2";
				TEST_HOST = "$(BUILT_PRODUCTS_DIR)/MyPlace.app/MyPlace";
			};
			name = Release;
		};
		5295D6E525F973E700C47D2B /* Debug */ = {
			isa = XCBuildConfiguration;
			baseConfigurationReference = D08E374B1F95C2D44CAF29DF /* Pods-MyPlace-MyPlaceUITests.debug.xcconfig */;
			buildSettings = {
				ALWAYS_EMBED_SWIFT_STANDARD_LIBRARIES = YES;
				CODE_SIGN_STYLE = Automatic;
				DEVELOPMENT_TEAM = 9N6DY9LAD5;
				INFOPLIST_FILE = MyPlaceUITests/Info.plist;
				LD_RUNPATH_SEARCH_PATHS = (
					"$(inherited)",
					"@executable_path/Frameworks",
					"@loader_path/Frameworks",
				);
				PRODUCT_BUNDLE_IDENTIFIER = com.peterszucs.MyPlaceUITests;
				PRODUCT_NAME = "$(TARGET_NAME)";
				SWIFT_VERSION = 5.0;
				TARGETED_DEVICE_FAMILY = "1,2";
				TEST_TARGET_NAME = MyPlace;
			};
			name = Debug;
		};
		5295D6E625F973E700C47D2B /* Release */ = {
			isa = XCBuildConfiguration;
			baseConfigurationReference = 2AC5EFBDF9079C98064E973A /* Pods-MyPlace-MyPlaceUITests.release.xcconfig */;
			buildSettings = {
				ALWAYS_EMBED_SWIFT_STANDARD_LIBRARIES = YES;
				CODE_SIGN_STYLE = Automatic;
				DEVELOPMENT_TEAM = 9N6DY9LAD5;
				INFOPLIST_FILE = MyPlaceUITests/Info.plist;
				LD_RUNPATH_SEARCH_PATHS = (
					"$(inherited)",
					"@executable_path/Frameworks",
					"@loader_path/Frameworks",
				);
				PRODUCT_BUNDLE_IDENTIFIER = com.peterszucs.MyPlaceUITests;
				PRODUCT_NAME = "$(TARGET_NAME)";
				SWIFT_VERSION = 5.0;
				TARGETED_DEVICE_FAMILY = "1,2";
				TEST_TARGET_NAME = MyPlace;
			};
			name = Release;
		};
/* End XCBuildConfiguration section */

/* Begin XCConfigurationList section */
		5295D6B425F973E200C47D2B /* Build configuration list for PBXProject "MyPlace" */ = {
			isa = XCConfigurationList;
			buildConfigurations = (
				5295D6DC25F973E700C47D2B /* Debug */,
				5295D6DD25F973E700C47D2B /* Release */,
			);
			defaultConfigurationIsVisible = 0;
			defaultConfigurationName = Release;
		};
		5295D6DE25F973E700C47D2B /* Build configuration list for PBXNativeTarget "MyPlace" */ = {
			isa = XCConfigurationList;
			buildConfigurations = (
				5295D6DF25F973E700C47D2B /* Debug */,
				5295D6E025F973E700C47D2B /* Release */,
			);
			defaultConfigurationIsVisible = 0;
			defaultConfigurationName = Release;
		};
		5295D6E125F973E700C47D2B /* Build configuration list for PBXNativeTarget "MyPlaceTests" */ = {
			isa = XCConfigurationList;
			buildConfigurations = (
				5295D6E225F973E700C47D2B /* Debug */,
				5295D6E325F973E700C47D2B /* Release */,
			);
			defaultConfigurationIsVisible = 0;
			defaultConfigurationName = Release;
		};
		5295D6E425F973E700C47D2B /* Build configuration list for PBXNativeTarget "MyPlaceUITests" */ = {
			isa = XCConfigurationList;
			buildConfigurations = (
				5295D6E525F973E700C47D2B /* Debug */,
				5295D6E625F973E700C47D2B /* Release */,
			);
			defaultConfigurationIsVisible = 0;
			defaultConfigurationName = Release;
		};
/* End XCConfigurationList section */
	};
	rootObject = 5295D6B125F973E200C47D2B /* Project object */;
}
